// !$*UTF8*$!
{
	archiveVersion = 1;
	classes = {
	};
	objectVersion = 77;
	objects = {

/* Begin PBXBuildFile section */
		7020911F2F92A0AF0075F885 /* DashboardPresentation in Frameworks */ = {isa = PBXBuildFile; productRef = 7020911E2F92A0AF0075F885 /* DashboardPresentation */; };
		7022EAAD2DBD59AD0099C8D1 /* FetchNearbyEarthquakesUseCaseTests.swift in Sources */ = {isa = PBXBuildFile; fileRef = 7022EAA82DBD59AD0099C8D1 /* FetchNearbyEarthquakesUseCaseTests.swift */; };
		7022EAB82DBD5A000099C8D1 /* MockEarthquakeService.swift in Sources */ = {isa = PBXBuildFile; fileRef = 7022EAB62DBD5A000099C8D1 /* MockEarthquakeService.swift */; };
		7022EAC62DBD5E2E0099C8D1 /* MockLocationManager.swift in Sources */ = {isa = PBXBuildFile; fileRef = 7022EAC52DBD5E2E0099C8D1 /* MockLocationManager.swift */; };
		70292E0C2F923B8A00F8B325 /* EarthquakeDomain in Frameworks */ = {isa = PBXBuildFile; productRef = 70292E0B2F923B8A00F8B325 /* EarthquakeDomain */; };
		702935D02F92880400F8B325 /* EarthquakeData in Frameworks */ = {isa = PBXBuildFile; productRef = 702935CF2F92880400F8B325 /* EarthquakeData */; };
		703D9C052F9456E400E4C4FD /* ExplorePresentation in Frameworks */ = {isa = PBXBuildFile; productRef = 703D9C042F9456E400E4C4FD /* ExplorePresentation */; };
		703D9CD12F95139300E4C4FD /* EarthquakeSupport in Frameworks */ = {isa = PBXBuildFile; productRef = 703D9CD02F95139300E4C4FD /* EarthquakeSupport */; };
		708C3EDE2F95618800D926E9 /* MapPresentation in Frameworks */ = {isa = PBXBuildFile; productRef = 708C3EDD2F95618800D926E9 /* MapPresentation */; };
		708C3FDC2F97BC5B00D926E9 /* LocationAccessPresentation in Frameworks */ = {isa = PBXBuildFile; productRef = 708C3FDB2F97BC5B00D926E9 /* LocationAccessPresentation */; };
		708C40342F97D7E200D926E9 /* OnboardingPresentation in Frameworks */ = {isa = PBXBuildFile; productRef = 708C40332F97D7E200D926E9 /* OnboardingPresentation */; };
		709734DD2F914A88004F923A /* CoreNetworking in Frameworks */ = {isa = PBXBuildFile; productRef = 709734DC2F914A88004F923A /* CoreNetworking */; };
		709734DF2F914A92004F923A /* EarthquakeRemote in Frameworks */ = {isa = PBXBuildFile; productRef = 709734DE2F914A92004F923A /* EarthquakeRemote */; };
		709737D12F915D84004F923A /* LocationServices in Frameworks */ = {isa = PBXBuildFile; productRef = 709737D02F915D84004F923A /* LocationServices */; };
		70B79EBE2F951F7600218855 /* EartquakeDetailPresentation in Frameworks */ = {isa = PBXBuildFile; productRef = 70B79EBD2F951F7600218855 /* EartquakeDetailPresentation */; };
		70C175FA2DEB70A500856824 /* DotLottie in Frameworks */ = {isa = PBXBuildFile; productRef = 70C175F92DEB70A500856824 /* DotLottie */; };
		70F683D02DECF34800EC6199 /* Localizable.strings in Resources */ = {isa = PBXBuildFile; fileRef = 70F683CE2DECF34800EC6199 /* Localizable.strings */; };
/* End PBXBuildFile section */

/* Begin PBXContainerItemProxy section */
		7022EA9F2DBD595E0099C8D1 /* PBXContainerItemProxy */ = {
			isa = PBXContainerItemProxy;
			containerPortal = 700CA4212DBBF6AB00C8759D /* Project object */;
			proxyType = 1;
			remoteGlobalIDString = 700CA4282DBBF6AB00C8759D;
			remoteInfo = SismikApp;
		};
/* End PBXContainerItemProxy section */

/* Begin PBXFileReference section */
		700CA4292DBBF6AB00C8759D /* Sismik.app */ = {isa = PBXFileReference; explicitFileType = wrapper.application; includeInIndex = 0; path = Sismik.app; sourceTree = BUILT_PRODUCTS_DIR; };
		7022EA9B2DBD595E0099C8D1 /* SismikTests.xctest */ = {isa = PBXFileReference; explicitFileType = wrapper.cfbundle; includeInIndex = 0; path = SismikTests.xctest; sourceTree = BUILT_PRODUCTS_DIR; };
		7022EAA82DBD59AD0099C8D1 /* FetchNearbyEarthquakesUseCaseTests.swift */ = {isa = PBXFileReference; lastKnownFileType = sourcecode.swift; path = FetchNearbyEarthquakesUseCaseTests.swift; sourceTree = "<group>"; };
		7022EAB62DBD5A000099C8D1 /* MockEarthquakeService.swift */ = {isa = PBXFileReference; lastKnownFileType = sourcecode.swift; path = MockEarthquakeService.swift; sourceTree = "<group>"; };
		7022EAC52DBD5E2E0099C8D1 /* MockLocationManager.swift */ = {isa = PBXFileReference; lastKnownFileType = sourcecode.swift; path = MockLocationManager.swift; sourceTree = "<group>"; };
		70F683CF2DECF34800EC6199 /* en */ = {isa = PBXFileReference; lastKnownFileType = text.plist.strings; name = en; path = en.lproj/Localizable.strings; sourceTree = "<group>"; };
		70F683D12DECF37400EC6199 /* tr */ = {isa = PBXFileReference; lastKnownFileType = text.plist.strings; name = tr; path = tr.lproj/Localizable.strings; sourceTree = "<group>"; };
/* End PBXFileReference section */

/* Begin PBXFileSystemSynchronizedBuildFileExceptionSet section */
		709735F02F914F3F004F923A /* Exceptions for "Supporting" folder in "Sismik" target */ = {
			isa = PBXFileSystemSynchronizedBuildFileExceptionSet;
			membershipExceptions = (
				Info.plist,
			);
			target = 700CA4282DBBF6AB00C8759D /* Sismik */;
		};
/* End PBXFileSystemSynchronizedBuildFileExceptionSet section */

/* Begin PBXFileSystemSynchronizedRootGroup section */
		709734CA2F911BCC004F923A /* Packages */ = {
			isa = PBXFileSystemSynchronizedRootGroup;
			path = Packages;
			sourceTree = "<group>";
		};
		709734E82F914F3A004F923A /* App */ = {
			isa = PBXFileSystemSynchronizedRootGroup;
			path = App;
			sourceTree = "<group>";
		};
		709735E82F914F3F004F923A /* Supporting */ = {
			isa = PBXFileSystemSynchronizedRootGroup;
			exceptions = (
				709735F02F914F3F004F923A /* Exceptions for "Supporting" folder in "Sismik" target */,
			);
			path = Supporting;
			sourceTree = "<group>";
		};
/* End PBXFileSystemSynchronizedRootGroup section */

/* Begin PBXFrameworksBuildPhase section */
		700CA4262DBBF6AB00C8759D /* Frameworks */ = {
			isa = PBXFrameworksBuildPhase;
			buildActionMask = 2147483647;
			files = (
				70C175FA2DEB70A500856824 /* DotLottie in Frameworks */,
				702935D02F92880400F8B325 /* EarthquakeData in Frameworks */,
				7020911F2F92A0AF0075F885 /* DashboardPresentation in Frameworks */,
				70B79EBE2F951F7600218855 /* EartquakeDetailPresentation in Frameworks */,
				70292E0C2F923B8A00F8B325 /* EarthquakeDomain in Frameworks */,
				708C3FDC2F97BC5B00D926E9 /* LocationAccessPresentation in Frameworks */,
				708C3EDE2F95618800D926E9 /* MapPresentation in Frameworks */,
				709737D12F915D84004F923A /* LocationServices in Frameworks */,
				708C40342F97D7E200D926E9 /* OnboardingPresentation in Frameworks */,
				703D9CD12F95139300E4C4FD /* EarthquakeSupport in Frameworks */,
				709734DD2F914A88004F923A /* CoreNetworking in Frameworks */,
				703D9C052F9456E400E4C4FD /* ExplorePresentation in Frameworks */,
				709734DF2F914A92004F923A /* EarthquakeRemote in Frameworks */,
			);
			runOnlyForDeploymentPostprocessing = 0;
		};
		7022EA982DBD595E0099C8D1 /* Frameworks */ = {
			isa = PBXFrameworksBuildPhase;
			buildActionMask = 2147483647;
			files = (
			);
			runOnlyForDeploymentPostprocessing = 0;
		};
/* End PBXFrameworksBuildPhase section */

/* Begin PBXGroup section */
		700CA4202DBBF6AB00C8759D = {
			isa = PBXGroup;
			children = (
				700CA46A2DBBF6F900C8759D /* Sismik */,
				7022EAAC2DBD59AD0099C8D1 /* SismikTests */,
				709734DB2F914A88004F923A /* Frameworks */,
				700CA42A2DBBF6AB00C8759D /* Products */,
			);
			sourceTree = "<group>";
		};
		700CA42A2DBBF6AB00C8759D /* Products */ = {
			isa = PBXGroup;
			children = (
				700CA4292DBBF6AB00C8759D /* Sismik.app */,
				7022EA9B2DBD595E0099C8D1 /* SismikTests.xctest */,
			);
			name = Products;
			sourceTree = "<group>";
		};
		700CA46A2DBBF6F900C8759D /* Sismik */ = {
			isa = PBXGroup;
			children = (
				709734CA2F911BCC004F923A /* Packages */,
				709734E82F914F3A004F923A /* App */,
				709735E82F914F3F004F923A /* Supporting */,
				70F683CE2DECF34800EC6199 /* Localizable.strings */,
			);
			path = Sismik;
			sourceTree = "<group>";
		};
		7022EAA92DBD59AD0099C8D1 /* UseCases */ = {
			isa = PBXGroup;
			children = (
				7022EAA82DBD59AD0099C8D1 /* FetchNearbyEarthquakesUseCaseTests.swift */,
			);
			path = UseCases;
			sourceTree = "<group>";
		};
		7022EAAA2DBD59AD0099C8D1 /* Domain */ = {
			isa = PBXGroup;
			children = (
				7022EAA92DBD59AD0099C8D1 /* UseCases */,
			);
			path = Domain;
			sourceTree = "<group>";
		};
		7022EAAC2DBD59AD0099C8D1 /* SismikTests */ = {
			isa = PBXGroup;
			children = (
				7022EAB22DBD59D30099C8D1 /* Core */,
				7022EAAA2DBD59AD0099C8D1 /* Domain */,
				7022EABC2DBD5CB20099C8D1 /* Presentation */,
				7022EAB72DBD5A000099C8D1 /* Helpers */,
			);
			path = SismikTests;
			sourceTree = "<group>";
		};
		7022EAB12DBD59D30099C8D1 /* Network */ = {
			isa = PBXGroup;
			children = (
			);
			path = Network;
			sourceTree = "<group>";
		};
		7022EAB22DBD59D30099C8D1 /* Core */ = {
			isa = PBXGroup;
			children = (
				7022EAB12DBD59D30099C8D1 /* Network */,
			);
			path = Core;
			sourceTree = "<group>";
		};
		7022EAB72DBD5A000099C8D1 /* Helpers */ = {
			isa = PBXGroup;
			children = (
				7022EAB62DBD5A000099C8D1 /* MockEarthquakeService.swift */,
				7022EAC52DBD5E2E0099C8D1 /* MockLocationManager.swift */,
			);
			path = Helpers;
			sourceTree = "<group>";
		};
		7022EABB2DBD5CB20099C8D1 /* EarthquakeList */ = {
			isa = PBXGroup;
			children = (
			);
			path = EarthquakeList;
			sourceTree = "<group>";
		};
		7022EABC2DBD5CB20099C8D1 /* Presentation */ = {
			isa = PBXGroup;
			children = (
				7022EAC32DBD5CD40099C8D1 /* EarthquakeDetail */,
				7022EABB2DBD5CB20099C8D1 /* EarthquakeList */,
			);
			path = Presentation;
			sourceTree = "<group>";
		};
		7022EAC32DBD5CD40099C8D1 /* EarthquakeDetail */ = {
			isa = PBXGroup;
			children = (
			);
			path = EarthquakeDetail;
			sourceTree = "<group>";
		};
		709734DB2F914A88004F923A /* Frameworks */ = {
			isa = PBXGroup;
			children = (
			);
			name = Frameworks;
			sourceTree = "<group>";
		};
/* End PBXGroup section */

/* Begin PBXNativeTarget section */
		700CA4282DBBF6AB00C8759D /* Sismik */ = {
			isa = PBXNativeTarget;
			buildConfigurationList = 700CA43C2DBBF6AB00C8759D /* Build configuration list for PBXNativeTarget "Sismik" */;
			buildPhases = (
				700CA4252DBBF6AB00C8759D /* Sources */,
				700CA4262DBBF6AB00C8759D /* Frameworks */,
				700CA4272DBBF6AB00C8759D /* Resources */,
			);
			buildRules = (
			);
			dependencies = (
			);
			fileSystemSynchronizedGroups = (
				709734CA2F911BCC004F923A /* Packages */,
				709734E82F914F3A004F923A /* App */,
				709735E82F914F3F004F923A /* Supporting */,
			);
			name = Sismik;
			packageProductDependencies = (
				70C175F92DEB70A500856824 /* DotLottie */,
				709734DC2F914A88004F923A /* CoreNetworking */,
				709734DE2F914A92004F923A /* EarthquakeRemote */,
				709737D02F915D84004F923A /* LocationServices */,
				70292E0B2F923B8A00F8B325 /* EarthquakeDomain */,
				702935CF2F92880400F8B325 /* EarthquakeData */,
				7020911E2F92A0AF0075F885 /* DashboardPresentation */,
				703D9C042F9456E400E4C4FD /* ExplorePresentation */,
				703D9CD02F95139300E4C4FD /* EarthquakeSupport */,
				70B79EBD2F951F7600218855 /* EartquakeDetailPresentation */,
				708C3EDD2F95618800D926E9 /* MapPresentation */,
				708C3FDB2F97BC5B00D926E9 /* LocationAccessPresentation */,
				708C40332F97D7E200D926E9 /* OnboardingPresentation */,
			);
			productName = SismikApp;
			productReference = 700CA4292DBBF6AB00C8759D /* Sismik.app */;
			productType = "com.apple.product-type.application";
		};
		7022EA9A2DBD595E0099C8D1 /* SismikTests */ = {
			isa = PBXNativeTarget;
			buildConfigurationList = 7022EAA12DBD595E0099C8D1 /* Build configuration list for PBXNativeTarget "SismikTests" */;
			buildPhases = (
				7022EA972DBD595E0099C8D1 /* Sources */,
				7022EA982DBD595E0099C8D1 /* Frameworks */,
				7022EA992DBD595E0099C8D1 /* Resources */,
			);
			buildRules = (
			);
			dependencies = (
				7022EAA02DBD595E0099C8D1 /* PBXTargetDependency */,
			);
			name = SismikTests;
			packageProductDependencies = (
			);
			productName = SismikAppTests;
			productReference = 7022EA9B2DBD595E0099C8D1 /* SismikTests.xctest */;
			productType = "com.apple.product-type.bundle.unit-test";
		};
/* End PBXNativeTarget section */

/* Begin PBXProject section */
		700CA4212DBBF6AB00C8759D /* Project object */ = {
			isa = PBXProject;
			attributes = {
				BuildIndependentTargetsInParallel = 1;
				LastSwiftUpdateCheck = 1620;
				LastUpgradeCheck = 1620;
				TargetAttributes = {
					700CA4282DBBF6AB00C8759D = {
						CreatedOnToolsVersion = 16.2;
					};
					7022EA9A2DBD595E0099C8D1 = {
						CreatedOnToolsVersion = 16.2;
						TestTargetID = 700CA4282DBBF6AB00C8759D;
					};
				};
			};
			buildConfigurationList = 700CA4242DBBF6AB00C8759D /* Build configuration list for PBXProject "Sismik" */;
			developmentRegion = en;
			hasScannedForEncodings = 0;
			knownRegions = (
				en,
				Base,
				tr,
			);
			mainGroup = 700CA4202DBBF6AB00C8759D;
			minimizedProjectReferenceProxies = 1;
			packageReferences = (
				70C175F82DEB70A500856824 /* XCRemoteSwiftPackageReference "dotlottie-ios" */,
			);
			preferredProjectObjectVersion = 77;
			productRefGroup = 700CA42A2DBBF6AB00C8759D /* Products */;
			projectDirPath = "";
			projectRoot = "";
			targets = (
				700CA4282DBBF6AB00C8759D /* Sismik */,
				7022EA9A2DBD595E0099C8D1 /* SismikTests */,
			);
		};
/* End PBXProject section */

/* Begin PBXResourcesBuildPhase section */
		700CA4272DBBF6AB00C8759D /* Resources */ = {
			isa = PBXResourcesBuildPhase;
			buildActionMask = 2147483647;
			files = (
				70F683D02DECF34800EC6199 /* Localizable.strings in Resources */,
			);
			runOnlyForDeploymentPostprocessing = 0;
		};
		7022EA992DBD595E0099C8D1 /* Resources */ = {
			isa = PBXResourcesBuildPhase;
			buildActionMask = 2147483647;
			files = (
			);
			runOnlyForDeploymentPostprocessing = 0;
		};
/* End PBXResourcesBuildPhase section */

/* Begin PBXSourcesBuildPhase section */
		700CA4252DBBF6AB00C8759D /* Sources */ = {
			isa = PBXSourcesBuildPhase;
			buildActionMask = 2147483647;
			files = (
			);
			runOnlyForDeploymentPostprocessing = 0;
		};
		7022EA972DBD595E0099C8D1 /* Sources */ = {
			isa = PBXSourcesBuildPhase;
			buildActionMask = 2147483647;
			files = (
				7022EAC62DBD5E2E0099C8D1 /* MockLocationManager.swift in Sources */,
				7022EAB82DBD5A000099C8D1 /* MockEarthquakeService.swift in Sources */,
				7022EAAD2DBD59AD0099C8D1 /* FetchNearbyEarthquakesUseCaseTests.swift in Sources */,
			);
			runOnlyForDeploymentPostprocessing = 0;
		};
/* End PBXSourcesBuildPhase section */

/* Begin PBXTargetDependency section */
		7022EAA02DBD595E0099C8D1 /* PBXTargetDependency */ = {
			isa = PBXTargetDependency;
			target = 700CA4282DBBF6AB00C8759D /* Sismik */;
			targetProxy = 7022EA9F2DBD595E0099C8D1 /* PBXContainerItemProxy */;
		};
/* End PBXTargetDependency section */

/* Begin PBXVariantGroup section */
		70F683CE2DECF34800EC6199 /* Localizable.strings */ = {
			isa = PBXVariantGroup;
			children = (
				70F683CF2DECF34800EC6199 /* en */,
				70F683D12DECF37400EC6199 /* tr */,
			);
			name = Localizable.strings;
			sourceTree = "<group>";
		};
/* End PBXVariantGroup section */

/* Begin XCBuildConfiguration section */
		700CA43D2DBBF6AB00C8759D /* Debug */ = {
			isa = XCBuildConfiguration;
			buildSettings = {
				ASSETCATALOG_COMPILER_APPICON_NAME = AppIcon;
				ASSETCATALOG_COMPILER_GLOBAL_ACCENT_COLOR_NAME = AccentColor;
				CODE_SIGN_IDENTITY = "Apple Development";
				"CODE_SIGN_IDENTITY[sdk=iphoneos*]" = "iPhone Developer";
				CODE_SIGN_STYLE = Manual;
				CURRENT_PROJECT_VERSION = 1;
				DEVELOPMENT_ASSET_PATHS = "";
				DEVELOPMENT_TEAM = "";
				"DEVELOPMENT_TEAM[sdk=iphoneos*]" = ZF77D3H4CR;
				GENERATE_INFOPLIST_FILE = YES;
				INFOPLIST_FILE = Sismik/Supporting/Info.plist;
				INFOPLIST_KEY_NSLocationWhenInUseUsageDescription = "This app requires access to your location to display nearby earthquakes.";
				INFOPLIST_KEY_UIApplicationSupportsIndirectInputEvents = YES;
				INFOPLIST_KEY_UILaunchStoryboardName = LaunchScreen;
				INFOPLIST_KEY_UIMainStoryboardFile = "";
				INFOPLIST_KEY_UISupportedInterfaceOrientations = UIInterfaceOrientationPortrait;
				INFOPLIST_KEY_UISupportedInterfaceOrientations_iPad = "UIInterfaceOrientationLandscapeLeft UIInterfaceOrientationLandscapeRight UIInterfaceOrientationPortrait UIInterfaceOrientationPortraitUpsideDown";
				IPHONEOS_DEPLOYMENT_TARGET = 16.6;
				LD_RUNPATH_SEARCH_PATHS = (
					"$(inherited)",
					"@executable_path/Frameworks",
				);
				MARKETING_VERSION = 1.0;
				PRODUCT_BUNDLE_IDENTIFIER = com.ertan.Sismik;
				PRODUCT_NAME = "$(TARGET_NAME)";
				PROVISIONING_PROFILE_SPECIFIER = "";
				"PROVISIONING_PROFILE_SPECIFIER[sdk=iphoneos*]" = "Sismik Development Profile";
				SUPPORTED_PLATFORMS = "iphoneos iphonesimulator";
				SUPPORTS_MACCATALYST = NO;
				SUPPORTS_MAC_DESIGNED_FOR_IPHONE_IPAD = NO;
				SUPPORTS_XR_DESIGNED_FOR_IPHONE_IPAD = NO;
				SWIFT_EMIT_LOC_STRINGS = YES;
				SWIFT_VERSION = 5.0;
				TARGETED_DEVICE_FAMILY = 1;
			};
			name = Debug;
		};
		700CA43E2DBBF6AB00C8759D /* Release */ = {
			isa = XCBuildConfiguration;
			buildSettings = {
				ASSETCATALOG_COMPILER_APPICON_NAME = AppIcon;
				ASSETCATALOG_COMPILER_GLOBAL_ACCENT_COLOR_NAME = AccentColor;
				CODE_SIGN_IDENTITY = "Apple Development";
				"CODE_SIGN_IDENTITY[sdk=iphoneos*]" = "iPhone Distribution";
				CODE_SIGN_STYLE = Manual;
				CURRENT_PROJECT_VERSION = 1;
				DEVELOPMENT_ASSET_PATHS = "";
				DEVELOPMENT_TEAM = "";
				"DEVELOPMENT_TEAM[sdk=iphoneos*]" = ZF77D3H4CR;
				GENERATE_INFOPLIST_FILE = YES;
				INFOPLIST_FILE = Sismik/Supporting/Info.plist;
				INFOPLIST_KEY_NSLocationWhenInUseUsageDescription = "This app requires access to your location to display nearby earthquakes.";
				INFOPLIST_KEY_UIApplicationSupportsIndirectInputEvents = YES;
				INFOPLIST_KEY_UILaunchStoryboardName = LaunchScreen;
				INFOPLIST_KEY_UIMainStoryboardFile = "";
				INFOPLIST_KEY_UISupportedInterfaceOrientations = UIInterfaceOrientationPortrait;
				INFOPLIST_KEY_UISupportedInterfaceOrientations_iPad = "UIInterfaceOrientationLandscapeLeft UIInterfaceOrientationLandscapeRight UIInterfaceOrientationPortrait UIInterfaceOrientationPortraitUpsideDown";
				IPHONEOS_DEPLOYMENT_TARGET = 16.6;
				LD_RUNPATH_SEARCH_PATHS = (
					"$(inherited)",
					"@executable_path/Frameworks",
				);
				MARKETING_VERSION = 1.0;
				PRODUCT_BUNDLE_IDENTIFIER = com.ertan.Sismik;
				PRODUCT_NAME = "$(TARGET_NAME)";
				PROVISIONING_PROFILE_SPECIFIER = "";
				"PROVISIONING_PROFILE_SPECIFIER[sdk=iphoneos*]" = "Sismik Distribution Profile";
				SUPPORTED_PLATFORMS = "iphoneos iphonesimulator";
				SUPPORTS_MACCATALYST = NO;
				SUPPORTS_MAC_DESIGNED_FOR_IPHONE_IPAD = NO;
				SUPPORTS_XR_DESIGNED_FOR_IPHONE_IPAD = NO;
				SWIFT_EMIT_LOC_STRINGS = YES;
				SWIFT_VERSION = 5.0;
				TARGETED_DEVICE_FAMILY = 1;
			};
			name = Release;
		};
		700CA43F2DBBF6AB00C8759D /* Debug */ = {
			isa = XCBuildConfiguration;
			buildSettings = {
				ALWAYS_SEARCH_USER_PATHS = NO;
				ASSETCATALOG_COMPILER_GENERATE_SWIFT_ASSET_SYMBOL_EXTENSIONS = YES;
				CLANG_ANALYZER_LOCALIZABILITY_NONLOCALIZED = YES;
				CLANG_ANALYZER_NONNULL = YES;
				CLANG_ANALYZER_NUMBER_OBJECT_CONVERSION = YES_AGGRESSIVE;
				CLANG_CXX_LANGUAGE_STANDARD = "gnu++20";
				CLANG_ENABLE_MODULES = YES;
				CLANG_ENABLE_OBJC_ARC = YES;
				CLANG_ENABLE_OBJC_WEAK = YES;
				CLANG_WARN_BLOCK_CAPTURE_AUTORELEASING = YES;
				CLANG_WARN_BOOL_CONVERSION = YES;
				CLANG_WARN_COMMA = YES;
				CLANG_WARN_CONSTANT_CONVERSION = YES;
				CLANG_WARN_DEPRECATED_OBJC_IMPLEMENTATIONS = YES;
				CLANG_WARN_DIRECT_OBJC_ISA_USAGE = YES_ERROR;
				CLANG_WARN_DOCUMENTATION_COMMENTS = YES;
				CLANG_WARN_EMPTY_BODY = YES;
				CLANG_WARN_ENUM_CONVERSION = YES;
				CLANG_WARN_INFINITE_RECURSION = YES;
				CLANG_WARN_INT_CONVERSION = YES;
				CLANG_WARN_NON_LITERAL_NULL_CONVERSION = YES;
				CLANG_WARN_OBJC_IMPLICIT_RETAIN_SELF = YES;
				CLANG_WARN_OBJC_LITERAL_CONVERSION = YES;
				CLANG_WARN_OBJC_ROOT_CLASS = YES_ERROR;
				CLANG_WARN_QUOTED_INCLUDE_IN_FRAMEWORK_HEADER = YES;
				CLANG_WARN_RANGE_LOOP_ANALYSIS = YES;
				CLANG_WARN_STRICT_PROTOTYPES = YES;
				CLANG_WARN_SUSPICIOUS_MOVE = YES;
				CLANG_WARN_UNGUARDED_AVAILABILITY = YES_AGGRESSIVE;
				CLANG_WARN_UNREACHABLE_CODE = YES;
				CLANG_WARN__DUPLICATE_METHOD_MATCH = YES;
				COPY_PHASE_STRIP = NO;
				DEBUG_INFORMATION_FORMAT = dwarf;
				ENABLE_STRICT_OBJC_MSGSEND = YES;
				ENABLE_TESTABILITY = YES;
				ENABLE_USER_SCRIPT_SANDBOXING = YES;
				GCC_C_LANGUAGE_STANDARD = gnu17;
				GCC_DYNAMIC_NO_PIC = NO;
				GCC_NO_COMMON_BLOCKS = YES;
				GCC_OPTIMIZATION_LEVEL = 0;
				GCC_PREPROCESSOR_DEFINITIONS = (
					"DEBUG=1",
					"$(inherited)",
				);
				GCC_WARN_64_TO_32_BIT_CONVERSION = YES;
				GCC_WARN_ABOUT_RETURN_TYPE = YES_ERROR;
				GCC_WARN_UNDECLARED_SELECTOR = YES;
				GCC_WARN_UNINITIALIZED_AUTOS = YES_AGGRESSIVE;
				GCC_WARN_UNUSED_FUNCTION = YES;
				GCC_WARN_UNUSED_VARIABLE = YES;
				IPHONEOS_DEPLOYMENT_TARGET = 16.6;
				LOCALIZATION_PREFERS_STRING_CATALOGS = YES;
				MTL_ENABLE_DEBUG_INFO = INCLUDE_SOURCE;
				MTL_FAST_MATH = YES;
				ONLY_ACTIVE_ARCH = YES;
				PRODUCT_NAME = "";
				SDKROOT = iphoneos;
				SWIFT_ACTIVE_COMPILATION_CONDITIONS = "DEBUG $(inherited)";
				SWIFT_EMIT_LOC_STRINGS = YES;
				SWIFT_OPTIMIZATION_LEVEL = "-Onone";
			};
			name = Debug;
		};
		700CA4402DBBF6AB00C8759D /* Release */ = {
			isa = XCBuildConfiguration;
			buildSettings = {
				ALWAYS_SEARCH_USER_PATHS = NO;
				ASSETCATALOG_COMPILER_GENERATE_SWIFT_ASSET_SYMBOL_EXTENSIONS = YES;
				CLANG_ANALYZER_LOCALIZABILITY_NONLOCALIZED = YES;
				CLANG_ANALYZER_NONNULL = YES;
				CLANG_ANALYZER_NUMBER_OBJECT_CONVERSION = YES_AGGRESSIVE;
				CLANG_CXX_LANGUAGE_STANDARD = "gnu++20";
				CLANG_ENABLE_MODULES = YES;
				CLANG_ENABLE_OBJC_ARC = YES;
				CLANG_ENABLE_OBJC_WEAK = YES;
				CLANG_WARN_BLOCK_CAPTURE_AUTORELEASING = YES;
				CLANG_WARN_BOOL_CONVERSION = YES;
				CLANG_WARN_COMMA = YES;
				CLANG_WARN_CONSTANT_CONVERSION = YES;
				CLANG_WARN_DEPRECATED_OBJC_IMPLEMENTATIONS = YES;
				CLANG_WARN_DIRECT_OBJC_ISA_USAGE = YES_ERROR;
				CLANG_WARN_DOCUMENTATION_COMMENTS = YES;
				CLANG_WARN_EMPTY_BODY = YES;
				CLANG_WARN_ENUM_CONVERSION = YES;
				CLANG_WARN_INFINITE_RECURSION = YES;
				CLANG_WARN_INT_CONVERSION = YES;
				CLANG_WARN_NON_LITERAL_NULL_CONVERSION = YES;
				CLANG_WARN_OBJC_IMPLICIT_RETAIN_SELF = YES;
				CLANG_WARN_OBJC_LITERAL_CONVERSION = YES;
				CLANG_WARN_OBJC_ROOT_CLASS = YES_ERROR;
				CLANG_WARN_QUOTED_INCLUDE_IN_FRAMEWORK_HEADER = YES;
				CLANG_WARN_RANGE_LOOP_ANALYSIS = YES;
				CLANG_WARN_STRICT_PROTOTYPES = YES;
				CLANG_WARN_SUSPICIOUS_MOVE = YES;
				CLANG_WARN_UNGUARDED_AVAILABILITY = YES_AGGRESSIVE;
				CLANG_WARN_UNREACHABLE_CODE = YES;
				CLANG_WARN__DUPLICATE_METHOD_MATCH = YES;
				COPY_PHASE_STRIP = NO;
				DEBUG_INFORMATION_FORMAT = "dwarf-with-dsym";
				ENABLE_NS_ASSERTIONS = NO;
				ENABLE_STRICT_OBJC_MSGSEND = YES;
				ENABLE_USER_SCRIPT_SANDBOXING = YES;
				GCC_C_LANGUAGE_STANDARD = gnu17;
				GCC_NO_COMMON_BLOCKS = YES;
				GCC_WARN_64_TO_32_BIT_CONVERSION = YES;
				GCC_WARN_ABOUT_RETURN_TYPE = YES_ERROR;
				GCC_WARN_UNDECLARED_SELECTOR = YES;
				GCC_WARN_UNINITIALIZED_AUTOS = YES_AGGRESSIVE;
				GCC_WARN_UNUSED_FUNCTION = YES;
				GCC_WARN_UNUSED_VARIABLE = YES;
				IPHONEOS_DEPLOYMENT_TARGET = 16.6;
				LOCALIZATION_PREFERS_STRING_CATALOGS = YES;
				MTL_ENABLE_DEBUG_INFO = NO;
				MTL_FAST_MATH = YES;
				PRODUCT_NAME = "";
				SDKROOT = iphoneos;
				SWIFT_COMPILATION_MODE = wholemodule;
				SWIFT_EMIT_LOC_STRINGS = YES;
				VALIDATE_PRODUCT = YES;
			};
			name = Release;
		};
		7022EAA22DBD595E0099C8D1 /* Debug */ = {
			isa = XCBuildConfiguration;
			buildSettings = {
				BUNDLE_LOADER = "$(TEST_HOST)";
				CODE_SIGN_STYLE = Automatic;
				CURRENT_PROJECT_VERSION = 1;
				DEVELOPMENT_TEAM = ZF77D3H4CR;
				GENERATE_INFOPLIST_FILE = YES;
				IPHONEOS_DEPLOYMENT_TARGET = 18.2;
				MARKETING_VERSION = 1.0;
				PRODUCT_BUNDLE_IDENTIFIER = com.ertan.SismikAppTests;
				PRODUCT_NAME = "$(TARGET_NAME)";
				SWIFT_EMIT_LOC_STRINGS = NO;
				SWIFT_VERSION = 5.0;
				TARGETED_DEVICE_FAMILY = "1,2";
				TEST_HOST = "$(BUILT_PRODUCTS_DIR)/Sismik.app/$(BUNDLE_EXECUTABLE_FOLDER_PATH)/Sismik";
			};
			name = Debug;
		};
		7022EAA32DBD595E0099C8D1 /* Release */ = {
			isa = XCBuildConfiguration;
			buildSettings = {
				BUNDLE_LOADER = "$(TEST_HOST)";
				CODE_SIGN_STYLE = Automatic;
				CURRENT_PROJECT_VERSION = 1;
				DEVELOPMENT_TEAM = ZF77D3H4CR;
				GENERATE_INFOPLIST_FILE = YES;
				IPHONEOS_DEPLOYMENT_TARGET = 18.2;
				MARKETING_VERSION = 1.0;
				PRODUCT_BUNDLE_IDENTIFIER = com.ertan.SismikAppTests;
				PRODUCT_NAME = "$(TARGET_NAME)";
				SWIFT_EMIT_LOC_STRINGS = NO;
				SWIFT_VERSION = 5.0;
				TARGETED_DEVICE_FAMILY = "1,2";
				TEST_HOST = "$(BUILT_PRODUCTS_DIR)/Sismik.app/$(BUNDLE_EXECUTABLE_FOLDER_PATH)/Sismik";
			};
			name = Release;
		};
/* End XCBuildConfiguration section */

/* Begin XCConfigurationList section */
		700CA4242DBBF6AB00C8759D /* Build configuration list for PBXProject "Sismik" */ = {
			isa = XCConfigurationList;
			buildConfigurations = (
				700CA43F2DBBF6AB00C8759D /* Debug */,
				700CA4402DBBF6AB00C8759D /* Release */,
			);
			defaultConfigurationIsVisible = 0;
			defaultConfigurationName = Release;
		};
		700CA43C2DBBF6AB00C8759D /* Build configuration list for PBXNativeTarget "Sismik" */ = {
			isa = XCConfigurationList;
			buildConfigurations = (
				700CA43D2DBBF6AB00C8759D /* Debug */,
				700CA43E2DBBF6AB00C8759D /* Release */,
			);
			defaultConfigurationIsVisible = 0;
			defaultConfigurationName = Release;
		};
		7022EAA12DBD595E0099C8D1 /* Build configuration list for PBXNativeTarget "SismikTests" */ = {
			isa = XCConfigurationList;
			buildConfigurations = (
				7022EAA22DBD595E0099C8D1 /* Debug */,
				7022EAA32DBD595E0099C8D1 /* Release */,
			);
			defaultConfigurationIsVisible = 0;
			defaultConfigurationName = Release;
		};
/* End XCConfigurationList section */

/* Begin XCRemoteSwiftPackageReference section */
		70C175F82DEB70A500856824 /* XCRemoteSwiftPackageReference "dotlottie-ios" */ = {
			isa = XCRemoteSwiftPackageReference;
			repositoryURL = "https://github.com/LottieFiles/dotlottie-ios";
			requirement = {
				branch = main;
				kind = branch;
			};
		};
/* End XCRemoteSwiftPackageReference section */

/* Begin XCSwiftPackageProductDependency section */
		7020911E2F92A0AF0075F885 /* DashboardPresentation */ = {
			isa = XCSwiftPackageProductDependency;
			productName = DashboardPresentation;
		};
		70292E0B2F923B8A00F8B325 /* EarthquakeDomain */ = {
			isa = XCSwiftPackageProductDependency;
			productName = EarthquakeDomain;
		};
		702935CF2F92880400F8B325 /* EarthquakeData */ = {
			isa = XCSwiftPackageProductDependency;
			productName = EarthquakeData;
		};
		703D9C042F9456E400E4C4FD /* ExplorePresentation */ = {
			isa = XCSwiftPackageProductDependency;
			productName = ExplorePresentation;
		};
		703D9CD02F95139300E4C4FD /* EarthquakeSupport */ = {
			isa = XCSwiftPackageProductDependency;
			productName = EarthquakeSupport;
		};
		708C3EDD2F95618800D926E9 /* MapPresentation */ = {
			isa = XCSwiftPackageProductDependency;
			productName = MapPresentation;
		};
		708C3FDB2F97BC5B00D926E9 /* LocationAccessPresentation */ = {
			isa = XCSwiftPackageProductDependency;
			productName = LocationAccessPresentation;
		};
		708C40332F97D7E200D926E9 /* OnboardingPresentation */ = {
			isa = XCSwiftPackageProductDependency;
			productName = OnboardingPresentation;
		};
		709734DC2F914A88004F923A /* CoreNetworking */ = {
			isa = XCSwiftPackageProductDependency;
			productName = CoreNetworking;
		};
		709734DE2F914A92004F923A /* EarthquakeRemote */ = {
			isa = XCSwiftPackageProductDependency;
			productName = EarthquakeRemote;
		};
		709737D02F915D84004F923A /* LocationServices */ = {
			isa = XCSwiftPackageProductDependency;
			productName = LocationServices;
		};
		70B79EBD2F951F7600218855 /* EartquakeDetailPresentation */ = {
			isa = XCSwiftPackageProductDependency;
			productName = EartquakeDetailPresentation;
		};
		70C175F92DEB70A500856824 /* DotLottie */ = {
			isa = XCSwiftPackageProductDependency;
			package = 70C175F82DEB70A500856824 /* XCRemoteSwiftPackageReference "dotlottie-ios" */;
			productName = DotLottie;
		};
/* End XCSwiftPackageProductDependency section */
	};
	rootObject = 700CA4212DBBF6AB00C8759D /* Project object */;
}
