// !$*UTF8*$!
{
	archiveVersion = 1;
	classes = {
	};
	objectVersion = 77;
	objects = {

/* Begin PBXBuildFile section */
		700CA46B2DBBF6F900C8759D /* Assets.xcassets in Resources */ = {isa = PBXBuildFile; fileRef = 700CA4622DBBF6F900C8759D /* Assets.xcassets */; };
		700CA4752DBBF70200C8759D /* AppDelegate.swift in Sources */ = {isa = PBXBuildFile; fileRef = 700CA4722DBBF70200C8759D /* AppDelegate.swift */; };
		700CA4762DBBF70200C8759D /* SceneDelegate.swift in Sources */ = {isa = PBXBuildFile; fileRef = 700CA4732DBBF70200C8759D /* SceneDelegate.swift */; };
		7022EA5E2DBD27CD0099C8D1 /* Earthquake.swift in Sources */ = {isa = PBXBuildFile; fileRef = 7022EA5C2DBD27CD0099C8D1 /* Earthquake.swift */; };
		7022EA622DBD27F60099C8D1 /* FetchNearbyEarthquakesUseCaseProtocol.swift in Sources */ = {isa = PBXBuildFile; fileRef = 7022EA612DBD27F60099C8D1 /* FetchNearbyEarthquakesUseCaseProtocol.swift */; };
		7022EA742DBD44700099C8D1 /* DefaultLocationManager.swift in Sources */ = {isa = PBXBuildFile; fileRef = 7022EA722DBD44700099C8D1 /* DefaultLocationManager.swift */; };
		7022EA842DBD4BE10099C8D1 /* AppNavigationControllerProvider.swift in Sources */ = {isa = PBXBuildFile; fileRef = 7022EA832DBD4BE10099C8D1 /* AppNavigationControllerProvider.swift */; };
		7022EA922DBD522F0099C8D1 /* Date+Ext.swift in Sources */ = {isa = PBXBuildFile; fileRef = 7022EA912DBD522F0099C8D1 /* Date+Ext.swift */; };
		7022EAAD2DBD59AD0099C8D1 /* FetchNearbyEarthquakesUseCaseTests.swift in Sources */ = {isa = PBXBuildFile; fileRef = 7022EAA82DBD59AD0099C8D1 /* FetchNearbyEarthquakesUseCaseTests.swift */; };
		7022EAB82DBD5A000099C8D1 /* MockEarthquakeService.swift in Sources */ = {isa = PBXBuildFile; fileRef = 7022EAB62DBD5A000099C8D1 /* MockEarthquakeService.swift */; };
		7022EAC62DBD5E2E0099C8D1 /* MockLocationManager.swift in Sources */ = {isa = PBXBuildFile; fileRef = 7022EAC52DBD5E2E0099C8D1 /* MockLocationManager.swift */; };
		7022EAC82DBD671F0099C8D1 /* LocationManagerProtocol.swift in Sources */ = {isa = PBXBuildFile; fileRef = 7022EAC72DBD671F0099C8D1 /* LocationManagerProtocol.swift */; };
		7022EAD02DBD69540099C8D1 /* EarthquakeRepositoryProtocol.swift in Sources */ = {isa = PBXBuildFile; fileRef = 7022EACF2DBD69540099C8D1 /* EarthquakeRepositoryProtocol.swift */; };
		7022EAD42DBD69B90099C8D1 /* DefaultEarthquakeRepository.swift in Sources */ = {isa = PBXBuildFile; fileRef = 7022EAD32DBD69B90099C8D1 /* DefaultEarthquakeRepository.swift */; };
		7022EAD82DBD6AFA0099C8D1 /* USGSEarthquakeDTO+Mapping.swift in Sources */ = {isa = PBXBuildFile; fileRef = 7022EAD72DBD6AFA0099C8D1 /* USGSEarthquakeDTO+Mapping.swift */; };
		7022EADA2DBD6B410099C8D1 /* MockEarthquakeRepository.swift in Sources */ = {isa = PBXBuildFile; fileRef = 7022EAD92DBD6B410099C8D1 /* MockEarthquakeRepository.swift */; };
		7022EADE2DBD6D2E0099C8D1 /* DefaultFetchNearbyEarthquakesUseCase.swift in Sources */ = {isa = PBXBuildFile; fileRef = 7022EADD2DBD6D2E0099C8D1 /* DefaultFetchNearbyEarthquakesUseCase.swift */; };
		702904672DFEE829006CD1D1 /* Endpoint.swift in Sources */ = {isa = PBXBuildFile; fileRef = 702904652DFEE829006CD1D1 /* Endpoint.swift */; };
		7029046C2DFEE832006CD1D1 /* EarthquakeServiceProtocol.swift in Sources */ = {isa = PBXBuildFile; fileRef = 702904692DFEE832006CD1D1 /* EarthquakeServiceProtocol.swift */; };
		7029046D2DFEE832006CD1D1 /* USGSEarthquakeService.swift in Sources */ = {isa = PBXBuildFile; fileRef = 7029046A2DFEE832006CD1D1 /* USGSEarthquakeService.swift */; };
		7029046F2DFEE840006CD1D1 /* QueryItemBuilder.swift in Sources */ = {isa = PBXBuildFile; fileRef = 7029046E2DFEE840006CD1D1 /* QueryItemBuilder.swift */; };
		702904712DFEE846006CD1D1 /* USGSQueryItemBuilder.swift in Sources */ = {isa = PBXBuildFile; fileRef = 702904702DFEE846006CD1D1 /* USGSQueryItemBuilder.swift */; };
		702904732DFEE850006CD1D1 /* EMSCQueryItemBuilder.swift in Sources */ = {isa = PBXBuildFile; fileRef = 702904722DFEE850006CD1D1 /* EMSCQueryItemBuilder.swift */; };
		702904772DFEE97D006CD1D1 /* DateFormatter+Ext.swift in Sources */ = {isa = PBXBuildFile; fileRef = 702904762DFEE97D006CD1D1 /* DateFormatter+Ext.swift */; };
		7029047A2DFEEC19006CD1D1 /* EarthquakeDTOConvertible.swift in Sources */ = {isa = PBXBuildFile; fileRef = 702904792DFEEC19006CD1D1 /* EarthquakeDTOConvertible.swift */; };
		702904832DFEEC97006CD1D1 /* USGSEarthquakeDTO.swift in Sources */ = {isa = PBXBuildFile; fileRef = 702904802DFEEC97006CD1D1 /* USGSEarthquakeDTO.swift */; };
		702904842DFEEC97006CD1D1 /* USGSEarthquakeResponseDTO.swift in Sources */ = {isa = PBXBuildFile; fileRef = 702904812DFEEC97006CD1D1 /* USGSEarthquakeResponseDTO.swift */; };
		702904862DFEEE38006CD1D1 /* EMSCEarthquakeResponseDTO.swift in Sources */ = {isa = PBXBuildFile; fileRef = 702904852DFEEE38006CD1D1 /* EMSCEarthquakeResponseDTO.swift */; };
		702904882DFEEECB006CD1D1 /* EMSCEarthquakeDTO.swift in Sources */ = {isa = PBXBuildFile; fileRef = 702904872DFEEECB006CD1D1 /* EMSCEarthquakeDTO.swift */; };
		7029048A2DFEEECF006CD1D1 /* EMSCEarthquakeGeometryDTO.swift in Sources */ = {isa = PBXBuildFile; fileRef = 702904892DFEEECF006CD1D1 /* EMSCEarthquakeGeometryDTO.swift */; };
		7029048C2DFEEED2006CD1D1 /* EMSCEarthquakePropertiesDTO.swift in Sources */ = {isa = PBXBuildFile; fileRef = 7029048B2DFEEED2006CD1D1 /* EMSCEarthquakePropertiesDTO.swift */; };
		7029048E2DFEEEF1006CD1D1 /* USGSEarthquakePropertiesDTO.swift in Sources */ = {isa = PBXBuildFile; fileRef = 7029048D2DFEEEF1006CD1D1 /* USGSEarthquakePropertiesDTO.swift */; };
		702904902DFEEEF4006CD1D1 /* USGSEarthquakeGeometryDTO.swift in Sources */ = {isa = PBXBuildFile; fileRef = 7029048F2DFEEEF4006CD1D1 /* USGSEarthquakeGeometryDTO.swift */; };
		702904922DFEEFC5006CD1D1 /* EMSCEarthquakeDTO+Mapping.swift in Sources */ = {isa = PBXBuildFile; fileRef = 702904912DFEEFC5006CD1D1 /* EMSCEarthquakeDTO+Mapping.swift */; };
		702904942DFEF0A4006CD1D1 /* EMSCEarthquakeService.swift in Sources */ = {isa = PBXBuildFile; fileRef = 702904932DFEF0A4006CD1D1 /* EMSCEarthquakeService.swift */; };
		702904962DFEF5B3006CD1D1 /* DateParsers.swift in Sources */ = {isa = PBXBuildFile; fileRef = 702904952DFEF5B3006CD1D1 /* DateParsers.swift */; };
		702A789F2DBFC5EA00AF88F2 /* EarthquakePopupView.swift in Sources */ = {isa = PBXBuildFile; fileRef = 702A789E2DBFC5EA00AF88F2 /* EarthquakePopupView.swift */; };
		7042756F2DD79BFA00FB22B8 /* EarthquakeMapViewController.swift in Sources */ = {isa = PBXBuildFile; fileRef = 7042756E2DD79BFA00FB22B8 /* EarthquakeMapViewController.swift */; };
		704275712DD7B02600FB22B8 /* EarthquakeAnnotation.swift in Sources */ = {isa = PBXBuildFile; fileRef = 704275702DD7B02600FB22B8 /* EarthquakeAnnotation.swift */; };
		704275732DD7B02A00FB22B8 /* EarthquakePinAnnotationView.swift in Sources */ = {isa = PBXBuildFile; fileRef = 704275722DD7B02A00FB22B8 /* EarthquakePinAnnotationView.swift */; };
		7042757C2DD7CCF300FB22B8 /* MiniMapView.swift in Sources */ = {isa = PBXBuildFile; fileRef = 704275792DD7CCF300FB22B8 /* MiniMapView.swift */; };
		7042757D2DD7CCF300FB22B8 /* MiniMapViewWrapper.swift in Sources */ = {isa = PBXBuildFile; fileRef = 7042757A2DD7CCF300FB22B8 /* MiniMapViewWrapper.swift */; };
		706578BA2DC956C50018A011 /* LaunchScreen.storyboard in Resources */ = {isa = PBXBuildFile; fileRef = 706578B92DC956C50018A011 /* LaunchScreen.storyboard */; };
		70BF513E2DBEE7BD009F1E8D /* Double+Ext.swift in Sources */ = {isa = PBXBuildFile; fileRef = 70BF513D2DBEE7BD009F1E8D /* Double+Ext.swift */; };
		70BF515F2DBEED0A009F1E8D /* EarthquakeDetailsCoordinator.swift in Sources */ = {isa = PBXBuildFile; fileRef = 70BF51532DBEED0A009F1E8D /* EarthquakeDetailsCoordinator.swift */; };
		70BF51602DBEED0A009F1E8D /* EarthquakeDetailView.swift in Sources */ = {isa = PBXBuildFile; fileRef = 70BF51542DBEED0A009F1E8D /* EarthquakeDetailView.swift */; };
		70BF51612DBEED0A009F1E8D /* EarthquakeDetailViewModel.swift in Sources */ = {isa = PBXBuildFile; fileRef = 70BF51552DBEED0A009F1E8D /* EarthquakeDetailViewModel.swift */; };
		70BF51622DBEED0A009F1E8D /* EarthquakeListCoordinator.swift in Sources */ = {isa = PBXBuildFile; fileRef = 70BF51572DBEED0A009F1E8D /* EarthquakeListCoordinator.swift */; };
		70BF51632DBEED0A009F1E8D /* EarthquakeListView.swift in Sources */ = {isa = PBXBuildFile; fileRef = 70BF51582DBEED0A009F1E8D /* EarthquakeListView.swift */; };
		70BF51642DBEED0A009F1E8D /* EarthquakeListViewModel.swift in Sources */ = {isa = PBXBuildFile; fileRef = 70BF51592DBEED0A009F1E8D /* EarthquakeListViewModel.swift */; };
		70BF51652DBEED0A009F1E8D /* LocationAccessCoordinator.swift in Sources */ = {isa = PBXBuildFile; fileRef = 70BF515B2DBEED0A009F1E8D /* LocationAccessCoordinator.swift */; };
		70BF51662DBEED0A009F1E8D /* LocationAccessView.swift in Sources */ = {isa = PBXBuildFile; fileRef = 70BF515C2DBEED0A009F1E8D /* LocationAccessView.swift */; };
		70BF516D2DBEF24A009F1E8D /* EmptyStateView.swift in Sources */ = {isa = PBXBuildFile; fileRef = 70BF516B2DBEF24A009F1E8D /* EmptyStateView.swift */; };
		70BF516F2DBEF24F009F1E8D /* LoadingView.swift in Sources */ = {isa = PBXBuildFile; fileRef = 70BF516E2DBEF24F009F1E8D /* LoadingView.swift */; };
		70BF51712DBEF257009F1E8D /* ErrorView.swift in Sources */ = {isa = PBXBuildFile; fileRef = 70BF51702DBEF257009F1E8D /* ErrorView.swift */; };
		70BF51732DBEF25F009F1E8D /* EarthquakeList.swift in Sources */ = {isa = PBXBuildFile; fileRef = 70BF51722DBEF25F009F1E8D /* EarthquakeList.swift */; };
		70BF517B2DBEF9B3009F1E8D /* EarthquakeMapCoordinator.swift in Sources */ = {isa = PBXBuildFile; fileRef = 70BF517A2DBEF9B3009F1E8D /* EarthquakeMapCoordinator.swift */; };
		70BF517D2DBEF9B9009F1E8D /* EarthquakeMapViewModel.swift in Sources */ = {isa = PBXBuildFile; fileRef = 70BF517C2DBEF9B9009F1E8D /* EarthquakeMapViewModel.swift */; };
		70BF51862DBEF9D9009F1E8D /* MapRegionProvider.swift in Sources */ = {isa = PBXBuildFile; fileRef = 70BF51832DBEF9D9009F1E8D /* MapRegionProvider.swift */; };
		70BF51872DBEF9D9009F1E8D /* MapRegionProviding.swift in Sources */ = {isa = PBXBuildFile; fileRef = 70BF51842DBEF9D9009F1E8D /* MapRegionProviding.swift */; };
		70C175CC2DEB4FA400856824 /* OnboardingViewController.swift in Sources */ = {isa = PBXBuildFile; fileRef = 70C175CB2DEB4FA400856824 /* OnboardingViewController.swift */; };
		70C175CE2DEB4FCB00856824 /* OnboardingPageViewController.swift in Sources */ = {isa = PBXBuildFile; fileRef = 70C175CD2DEB4FCB00856824 /* OnboardingPageViewController.swift */; };
		70C175D02DEB543300856824 /* UserDefaults+Ext.swift in Sources */ = {isa = PBXBuildFile; fileRef = 70C175CF2DEB543300856824 /* UserDefaults+Ext.swift */; };
		70C175D22DEB545900856824 /* OnboardingCoordinator.swift in Sources */ = {isa = PBXBuildFile; fileRef = 70C175D12DEB545900856824 /* OnboardingCoordinator.swift */; };
		70C175D42DEB625600856824 /* AppCoordinator.swift in Sources */ = {isa = PBXBuildFile; fileRef = 70C175D32DEB625600856824 /* AppCoordinator.swift */; };
		70C175F52DEB6FAF00856824 /* globe.lottie in Resources */ = {isa = PBXBuildFile; fileRef = 70C175F32DEB6FAF00856824 /* globe.lottie */; };
		70C175F62DEB6FAF00856824 /* filter.lottie in Resources */ = {isa = PBXBuildFile; fileRef = 70C175F22DEB6FAF00856824 /* filter.lottie */; };
		70C175F72DEB6FAF00856824 /* map.lottie in Resources */ = {isa = PBXBuildFile; fileRef = 70C175F42DEB6FAF00856824 /* map.lottie */; };
		70C175FA2DEB70A500856824 /* DotLottie in Frameworks */ = {isa = PBXBuildFile; productRef = 70C175F92DEB70A500856824 /* DotLottie */; };
		70ED271A2DD8D64500B0FC80 /* EarthquakeQuery.swift in Sources */ = {isa = PBXBuildFile; fileRef = 70ED27192DD8D64500B0FC80 /* EarthquakeQuery.swift */; };
		70ED271E2DD8D69700B0FC80 /* EarthquakeQuery+Default.swift in Sources */ = {isa = PBXBuildFile; fileRef = 70ED271D2DD8D69700B0FC80 /* EarthquakeQuery+Default.swift */; };
		70ED27202DD8D97A00B0FC80 /* DefaultEarthquakeFilterViewModel.swift in Sources */ = {isa = PBXBuildFile; fileRef = 70ED271F2DD8D97A00B0FC80 /* DefaultEarthquakeFilterViewModel.swift */; };
		70ED27272DD8E44100B0FC80 /* EarthquakeFilterCoordinator.swift in Sources */ = {isa = PBXBuildFile; fileRef = 70ED27262DD8E44100B0FC80 /* EarthquakeFilterCoordinator.swift */; };
		70ED27292DD8F0B100B0FC80 /* EarthquakeFilterViewController.swift in Sources */ = {isa = PBXBuildFile; fileRef = 70ED27282DD8F0B100B0FC80 /* EarthquakeFilterViewController.swift */; };
		70ED272F2DD9121500B0FC80 /* SliderCell.swift in Sources */ = {isa = PBXBuildFile; fileRef = 70ED272D2DD9121500B0FC80 /* SliderCell.swift */; };
		70ED27312DD914E200B0FC80 /* DatePickerCell.swift in Sources */ = {isa = PBXBuildFile; fileRef = 70ED27302DD914E200B0FC80 /* DatePickerCell.swift */; };
		70ED27332DD9180900B0FC80 /* ButtonGroupCell.swift in Sources */ = {isa = PBXBuildFile; fileRef = 70ED27322DD9180900B0FC80 /* ButtonGroupCell.swift */; };
		70ED27352DD9250700B0FC80 /* EarthquakeFilterSnapshotBuilder.swift in Sources */ = {isa = PBXBuildFile; fileRef = 70ED27342DD9250700B0FC80 /* EarthquakeFilterSnapshotBuilder.swift */; };
		70ED27372DD92FA500B0FC80 /* FilterSummaryBannerView.swift in Sources */ = {isa = PBXBuildFile; fileRef = 70ED27362DD92FA500B0FC80 /* FilterSummaryBannerView.swift */; };
		70ED27392DD9331900B0FC80 /* EarthquakeQuery+Persistence.swift in Sources */ = {isa = PBXBuildFile; fileRef = 70ED27382DD9331900B0FC80 /* EarthquakeQuery+Persistence.swift */; };
		70F683D02DECF34800EC6199 /* Localizable.strings in Resources */ = {isa = PBXBuildFile; fileRef = 70F683CE2DECF34800EC6199 /* Localizable.strings */; };
/* End PBXBuildFile section */

/* Begin PBXContainerItemProxy section */
		7022EA9F2DBD595E0099C8D1 /* PBXContainerItemProxy */ = {
			isa = PBXContainerItemProxy;
			containerPortal = 700CA4212DBBF6AB00C8759D /* Project object */;
			proxyType = 1;
			remoteGlobalIDString = 700CA4282DBBF6AB00C8759D;
			remoteInfo = SismikApp;
		};
/* End PBXContainerItemProxy section */

/* Begin PBXFileReference section */
		700CA4292DBBF6AB00C8759D /* SismikApp.app */ = {isa = PBXFileReference; explicitFileType = wrapper.application; includeInIndex = 0; path = SismikApp.app; sourceTree = BUILT_PRODUCTS_DIR; };
		700CA4622DBBF6F900C8759D /* Assets.xcassets */ = {isa = PBXFileReference; lastKnownFileType = folder.assetcatalog; path = Assets.xcassets; sourceTree = "<group>"; };
		700CA4632DBBF6F900C8759D /* Info.plist */ = {isa = PBXFileReference; lastKnownFileType = text.plist.xml; path = Info.plist; sourceTree = "<group>"; };
		700CA4722DBBF70200C8759D /* AppDelegate.swift */ = {isa = PBXFileReference; lastKnownFileType = sourcecode.swift; path = AppDelegate.swift; sourceTree = "<group>"; };
		700CA4732DBBF70200C8759D /* SceneDelegate.swift */ = {isa = PBXFileReference; lastKnownFileType = sourcecode.swift; path = SceneDelegate.swift; sourceTree = "<group>"; };
		7022EA5C2DBD27CD0099C8D1 /* Earthquake.swift */ = {isa = PBXFileReference; lastKnownFileType = sourcecode.swift; path = Earthquake.swift; sourceTree = "<group>"; };
		7022EA612DBD27F60099C8D1 /* FetchNearbyEarthquakesUseCaseProtocol.swift */ = {isa = PBXFileReference; lastKnownFileType = sourcecode.swift; path = FetchNearbyEarthquakesUseCaseProtocol.swift; sourceTree = "<group>"; };
		7022EA722DBD44700099C8D1 /* DefaultLocationManager.swift */ = {isa = PBXFileReference; lastKnownFileType = sourcecode.swift; path = DefaultLocationManager.swift; sourceTree = "<group>"; };
		7022EA832DBD4BE10099C8D1 /* AppNavigationControllerProvider.swift */ = {isa = PBXFileReference; lastKnownFileType = sourcecode.swift; path = AppNavigationControllerProvider.swift; sourceTree = "<group>"; };
		7022EA912DBD522F0099C8D1 /* Date+Ext.swift */ = {isa = PBXFileReference; lastKnownFileType = sourcecode.swift; path = "Date+Ext.swift"; sourceTree = "<group>"; };
		7022EA9B2DBD595E0099C8D1 /* SismikAppTests.xctest */ = {isa = PBXFileReference; explicitFileType = wrapper.cfbundle; includeInIndex = 0; path = SismikAppTests.xctest; sourceTree = BUILT_PRODUCTS_DIR; };
		7022EAA82DBD59AD0099C8D1 /* FetchNearbyEarthquakesUseCaseTests.swift */ = {isa = PBXFileReference; lastKnownFileType = sourcecode.swift; path = FetchNearbyEarthquakesUseCaseTests.swift; sourceTree = "<group>"; };
		7022EAB62DBD5A000099C8D1 /* MockEarthquakeService.swift */ = {isa = PBXFileReference; lastKnownFileType = sourcecode.swift; path = MockEarthquakeService.swift; sourceTree = "<group>"; };
		7022EAC52DBD5E2E0099C8D1 /* MockLocationManager.swift */ = {isa = PBXFileReference; lastKnownFileType = sourcecode.swift; path = MockLocationManager.swift; sourceTree = "<group>"; };
		7022EAC72DBD671F0099C8D1 /* LocationManagerProtocol.swift */ = {isa = PBXFileReference; lastKnownFileType = sourcecode.swift; path = LocationManagerProtocol.swift; sourceTree = "<group>"; };
		7022EACF2DBD69540099C8D1 /* EarthquakeRepositoryProtocol.swift */ = {isa = PBXFileReference; lastKnownFileType = sourcecode.swift; path = EarthquakeRepositoryProtocol.swift; sourceTree = "<group>"; };
		7022EAD32DBD69B90099C8D1 /* DefaultEarthquakeRepository.swift */ = {isa = PBXFileReference; lastKnownFileType = sourcecode.swift; path = DefaultEarthquakeRepository.swift; sourceTree = "<group>"; };
		7022EAD72DBD6AFA0099C8D1 /* USGSEarthquakeDTO+Mapping.swift */ = {isa = PBXFileReference; lastKnownFileType = sourcecode.swift; path = "USGSEarthquakeDTO+Mapping.swift"; sourceTree = "<group>"; };
		7022EAD92DBD6B410099C8D1 /* MockEarthquakeRepository.swift */ = {isa = PBXFileReference; lastKnownFileType = sourcecode.swift; path = MockEarthquakeRepository.swift; sourceTree = "<group>"; };
		7022EADD2DBD6D2E0099C8D1 /* DefaultFetchNearbyEarthquakesUseCase.swift */ = {isa = PBXFileReference; lastKnownFileType = sourcecode.swift; path = DefaultFetchNearbyEarthquakesUseCase.swift; sourceTree = "<group>"; };
		702904652DFEE829006CD1D1 /* Endpoint.swift */ = {isa = PBXFileReference; lastKnownFileType = sourcecode.swift; path = Endpoint.swift; sourceTree = "<group>"; };
		702904692DFEE832006CD1D1 /* EarthquakeServiceProtocol.swift */ = {isa = PBXFileReference; lastKnownFileType = sourcecode.swift; path = EarthquakeServiceProtocol.swift; sourceTree = "<group>"; };
		7029046A2DFEE832006CD1D1 /* USGSEarthquakeService.swift */ = {isa = PBXFileReference; lastKnownFileType = sourcecode.swift; path = USGSEarthquakeService.swift; sourceTree = "<group>"; };
		7029046E2DFEE840006CD1D1 /* QueryItemBuilder.swift */ = {isa = PBXFileReference; lastKnownFileType = sourcecode.swift; path = QueryItemBuilder.swift; sourceTree = "<group>"; };
		702904702DFEE846006CD1D1 /* USGSQueryItemBuilder.swift */ = {isa = PBXFileReference; lastKnownFileType = sourcecode.swift; path = USGSQueryItemBuilder.swift; sourceTree = "<group>"; };
		702904722DFEE850006CD1D1 /* EMSCQueryItemBuilder.swift */ = {isa = PBXFileReference; lastKnownFileType = sourcecode.swift; path = EMSCQueryItemBuilder.swift; sourceTree = "<group>"; };
		702904762DFEE97D006CD1D1 /* DateFormatter+Ext.swift */ = {isa = PBXFileReference; lastKnownFileType = sourcecode.swift; path = "DateFormatter+Ext.swift"; sourceTree = "<group>"; };
		702904792DFEEC19006CD1D1 /* EarthquakeDTOConvertible.swift */ = {isa = PBXFileReference; lastKnownFileType = sourcecode.swift; path = EarthquakeDTOConvertible.swift; sourceTree = "<group>"; };
		702904802DFEEC97006CD1D1 /* USGSEarthquakeDTO.swift */ = {isa = PBXFileReference; lastKnownFileType = sourcecode.swift; path = USGSEarthquakeDTO.swift; sourceTree = "<group>"; };
		702904812DFEEC97006CD1D1 /* USGSEarthquakeResponseDTO.swift */ = {isa = PBXFileReference; lastKnownFileType = sourcecode.swift; path = USGSEarthquakeResponseDTO.swift; sourceTree = "<group>"; };
		702904852DFEEE38006CD1D1 /* EMSCEarthquakeResponseDTO.swift */ = {isa = PBXFileReference; lastKnownFileType = sourcecode.swift; path = EMSCEarthquakeResponseDTO.swift; sourceTree = "<group>"; };
		702904872DFEEECB006CD1D1 /* EMSCEarthquakeDTO.swift */ = {isa = PBXFileReference; lastKnownFileType = sourcecode.swift; path = EMSCEarthquakeDTO.swift; sourceTree = "<group>"; };
		702904892DFEEECF006CD1D1 /* EMSCEarthquakeGeometryDTO.swift */ = {isa = PBXFileReference; lastKnownFileType = sourcecode.swift; path = EMSCEarthquakeGeometryDTO.swift; sourceTree = "<group>"; };
		7029048B2DFEEED2006CD1D1 /* EMSCEarthquakePropertiesDTO.swift */ = {isa = PBXFileReference; lastKnownFileType = sourcecode.swift; path = EMSCEarthquakePropertiesDTO.swift; sourceTree = "<group>"; };
		7029048D2DFEEEF1006CD1D1 /* USGSEarthquakePropertiesDTO.swift */ = {isa = PBXFileReference; lastKnownFileType = sourcecode.swift; path = USGSEarthquakePropertiesDTO.swift; sourceTree = "<group>"; };
		7029048F2DFEEEF4006CD1D1 /* USGSEarthquakeGeometryDTO.swift */ = {isa = PBXFileReference; lastKnownFileType = sourcecode.swift; path = USGSEarthquakeGeometryDTO.swift; sourceTree = "<group>"; };
		702904912DFEEFC5006CD1D1 /* EMSCEarthquakeDTO+Mapping.swift */ = {isa = PBXFileReference; lastKnownFileType = sourcecode.swift; path = "EMSCEarthquakeDTO+Mapping.swift"; sourceTree = "<group>"; };
		702904932DFEF0A4006CD1D1 /* EMSCEarthquakeService.swift */ = {isa = PBXFileReference; lastKnownFileType = sourcecode.swift; path = EMSCEarthquakeService.swift; sourceTree = "<group>"; };
		702904952DFEF5B3006CD1D1 /* DateParsers.swift */ = {isa = PBXFileReference; lastKnownFileType = sourcecode.swift; path = DateParsers.swift; sourceTree = "<group>"; };
		702A789E2DBFC5EA00AF88F2 /* EarthquakePopupView.swift */ = {isa = PBXFileReference; lastKnownFileType = sourcecode.swift; path = EarthquakePopupView.swift; sourceTree = "<group>"; };
		7042756E2DD79BFA00FB22B8 /* EarthquakeMapViewController.swift */ = {isa = PBXFileReference; lastKnownFileType = sourcecode.swift; path = EarthquakeMapViewController.swift; sourceTree = "<group>"; };
		704275702DD7B02600FB22B8 /* EarthquakeAnnotation.swift */ = {isa = PBXFileReference; lastKnownFileType = sourcecode.swift; path = EarthquakeAnnotation.swift; sourceTree = "<group>"; };
		704275722DD7B02A00FB22B8 /* EarthquakePinAnnotationView.swift */ = {isa = PBXFileReference; lastKnownFileType = sourcecode.swift; path = EarthquakePinAnnotationView.swift; sourceTree = "<group>"; };
		704275792DD7CCF300FB22B8 /* MiniMapView.swift */ = {isa = PBXFileReference; lastKnownFileType = sourcecode.swift; path = MiniMapView.swift; sourceTree = "<group>"; };
		7042757A2DD7CCF300FB22B8 /* MiniMapViewWrapper.swift */ = {isa = PBXFileReference; lastKnownFileType = sourcecode.swift; path = MiniMapViewWrapper.swift; sourceTree = "<group>"; };
		706578B92DC956C50018A011 /* LaunchScreen.storyboard */ = {isa = PBXFileReference; lastKnownFileType = file.storyboard; path = LaunchScreen.storyboard; sourceTree = "<group>"; };
		70BF513D2DBEE7BD009F1E8D /* Double+Ext.swift */ = {isa = PBXFileReference; lastKnownFileType = sourcecode.swift; path = "Double+Ext.swift"; sourceTree = "<group>"; };
		70BF51532DBEED0A009F1E8D /* EarthquakeDetailsCoordinator.swift */ = {isa = PBXFileReference; lastKnownFileType = sourcecode.swift; path = EarthquakeDetailsCoordinator.swift; sourceTree = "<group>"; };
		70BF51542DBEED0A009F1E8D /* EarthquakeDetailView.swift */ = {isa = PBXFileReference; lastKnownFileType = sourcecode.swift; path = EarthquakeDetailView.swift; sourceTree = "<group>"; };
		70BF51552DBEED0A009F1E8D /* EarthquakeDetailViewModel.swift */ = {isa = PBXFileReference; lastKnownFileType = sourcecode.swift; path = EarthquakeDetailViewModel.swift; sourceTree = "<group>"; };
		70BF51572DBEED0A009F1E8D /* EarthquakeListCoordinator.swift */ = {isa = PBXFileReference; lastKnownFileType = sourcecode.swift; path = EarthquakeListCoordinator.swift; sourceTree = "<group>"; };
		70BF51582DBEED0A009F1E8D /* EarthquakeListView.swift */ = {isa = PBXFileReference; lastKnownFileType = sourcecode.swift; path = EarthquakeListView.swift; sourceTree = "<group>"; };
		70BF51592DBEED0A009F1E8D /* EarthquakeListViewModel.swift */ = {isa = PBXFileReference; lastKnownFileType = sourcecode.swift; path = EarthquakeListViewModel.swift; sourceTree = "<group>"; };
		70BF515B2DBEED0A009F1E8D /* LocationAccessCoordinator.swift */ = {isa = PBXFileReference; lastKnownFileType = sourcecode.swift; path = LocationAccessCoordinator.swift; sourceTree = "<group>"; };
		70BF515C2DBEED0A009F1E8D /* LocationAccessView.swift */ = {isa = PBXFileReference; lastKnownFileType = sourcecode.swift; path = LocationAccessView.swift; sourceTree = "<group>"; };
		70BF516B2DBEF24A009F1E8D /* EmptyStateView.swift */ = {isa = PBXFileReference; lastKnownFileType = sourcecode.swift; path = EmptyStateView.swift; sourceTree = "<group>"; };
		70BF516E2DBEF24F009F1E8D /* LoadingView.swift */ = {isa = PBXFileReference; lastKnownFileType = sourcecode.swift; path = LoadingView.swift; sourceTree = "<group>"; };
		70BF51702DBEF257009F1E8D /* ErrorView.swift */ = {isa = PBXFileReference; lastKnownFileType = sourcecode.swift; path = ErrorView.swift; sourceTree = "<group>"; };
		70BF51722DBEF25F009F1E8D /* EarthquakeList.swift */ = {isa = PBXFileReference; lastKnownFileType = sourcecode.swift; path = EarthquakeList.swift; sourceTree = "<group>"; };
		70BF517A2DBEF9B3009F1E8D /* EarthquakeMapCoordinator.swift */ = {isa = PBXFileReference; lastKnownFileType = sourcecode.swift; path = EarthquakeMapCoordinator.swift; sourceTree = "<group>"; };
		70BF517C2DBEF9B9009F1E8D /* EarthquakeMapViewModel.swift */ = {isa = PBXFileReference; lastKnownFileType = sourcecode.swift; path = EarthquakeMapViewModel.swift; sourceTree = "<group>"; };
		70BF51832DBEF9D9009F1E8D /* MapRegionProvider.swift */ = {isa = PBXFileReference; lastKnownFileType = sourcecode.swift; path = MapRegionProvider.swift; sourceTree = "<group>"; };
		70BF51842DBEF9D9009F1E8D /* MapRegionProviding.swift */ = {isa = PBXFileReference; lastKnownFileType = sourcecode.swift; path = MapRegionProviding.swift; sourceTree = "<group>"; };
		70C175CB2DEB4FA400856824 /* OnboardingViewController.swift */ = {isa = PBXFileReference; lastKnownFileType = sourcecode.swift; path = OnboardingViewController.swift; sourceTree = "<group>"; };
		70C175CD2DEB4FCB00856824 /* OnboardingPageViewController.swift */ = {isa = PBXFileReference; lastKnownFileType = sourcecode.swift; path = OnboardingPageViewController.swift; sourceTree = "<group>"; };
		70C175CF2DEB543300856824 /* UserDefaults+Ext.swift */ = {isa = PBXFileReference; lastKnownFileType = sourcecode.swift; path = "UserDefaults+Ext.swift"; sourceTree = "<group>"; };
		70C175D12DEB545900856824 /* OnboardingCoordinator.swift */ = {isa = PBXFileReference; lastKnownFileType = sourcecode.swift; path = OnboardingCoordinator.swift; sourceTree = "<group>"; };
		70C175D32DEB625600856824 /* AppCoordinator.swift */ = {isa = PBXFileReference; lastKnownFileType = sourcecode.swift; path = AppCoordinator.swift; sourceTree = "<group>"; };
		70C175F22DEB6FAF00856824 /* filter.lottie */ = {isa = PBXFileReference; lastKnownFileType = file; path = filter.lottie; sourceTree = "<group>"; };
		70C175F32DEB6FAF00856824 /* globe.lottie */ = {isa = PBXFileReference; lastKnownFileType = file; path = globe.lottie; sourceTree = "<group>"; };
		70C175F42DEB6FAF00856824 /* map.lottie */ = {isa = PBXFileReference; lastKnownFileType = file; path = map.lottie; sourceTree = "<group>"; };
		70ED27192DD8D64500B0FC80 /* EarthquakeQuery.swift */ = {isa = PBXFileReference; lastKnownFileType = sourcecode.swift; path = EarthquakeQuery.swift; sourceTree = "<group>"; };
		70ED271D2DD8D69700B0FC80 /* EarthquakeQuery+Default.swift */ = {isa = PBXFileReference; lastKnownFileType = sourcecode.swift; path = "EarthquakeQuery+Default.swift"; sourceTree = "<group>"; };
		70ED271F2DD8D97A00B0FC80 /* DefaultEarthquakeFilterViewModel.swift */ = {isa = PBXFileReference; lastKnownFileType = sourcecode.swift; path = DefaultEarthquakeFilterViewModel.swift; sourceTree = "<group>"; };
		70ED27262DD8E44100B0FC80 /* EarthquakeFilterCoordinator.swift */ = {isa = PBXFileReference; lastKnownFileType = sourcecode.swift; path = EarthquakeFilterCoordinator.swift; sourceTree = "<group>"; };
		70ED27282DD8F0B100B0FC80 /* EarthquakeFilterViewController.swift */ = {isa = PBXFileReference; lastKnownFileType = sourcecode.swift; path = EarthquakeFilterViewController.swift; sourceTree = "<group>"; };
		70ED272D2DD9121500B0FC80 /* SliderCell.swift */ = {isa = PBXFileReference; lastKnownFileType = sourcecode.swift; path = SliderCell.swift; sourceTree = "<group>"; };
		70ED27302DD914E200B0FC80 /* DatePickerCell.swift */ = {isa = PBXFileReference; lastKnownFileType = sourcecode.swift; path = DatePickerCell.swift; sourceTree = "<group>"; };
		70ED27322DD9180900B0FC80 /* ButtonGroupCell.swift */ = {isa = PBXFileReference; lastKnownFileType = sourcecode.swift; path = ButtonGroupCell.swift; sourceTree = "<group>"; };
		70ED27342DD9250700B0FC80 /* EarthquakeFilterSnapshotBuilder.swift */ = {isa = PBXFileReference; lastKnownFileType = sourcecode.swift; path = EarthquakeFilterSnapshotBuilder.swift; sourceTree = "<group>"; };
		70ED27362DD92FA500B0FC80 /* FilterSummaryBannerView.swift */ = {isa = PBXFileReference; lastKnownFileType = sourcecode.swift; path = FilterSummaryBannerView.swift; sourceTree = "<group>"; };
		70ED27382DD9331900B0FC80 /* EarthquakeQuery+Persistence.swift */ = {isa = PBXFileReference; lastKnownFileType = sourcecode.swift; path = "EarthquakeQuery+Persistence.swift"; sourceTree = "<group>"; };
		70F683CF2DECF34800EC6199 /* en */ = {isa = PBXFileReference; lastKnownFileType = text.plist.strings; name = en; path = en.lproj/Localizable.strings; sourceTree = "<group>"; };
		70F683D12DECF37400EC6199 /* tr */ = {isa = PBXFileReference; lastKnownFileType = text.plist.strings; name = tr; path = tr.lproj/Localizable.strings; sourceTree = "<group>"; };
/* End PBXFileReference section */

/* Begin PBXFrameworksBuildPhase section */
		700CA4262DBBF6AB00C8759D /* Frameworks */ = {
			isa = PBXFrameworksBuildPhase;
			buildActionMask = 2147483647;
			files = (
				70C175FA2DEB70A500856824 /* DotLottie in Frameworks */,
			);
			runOnlyForDeploymentPostprocessing = 0;
		};
		7022EA982DBD595E0099C8D1 /* Frameworks */ = {
			isa = PBXFrameworksBuildPhase;
			buildActionMask = 2147483647;
			files = (
			);
			runOnlyForDeploymentPostprocessing = 0;
		};
/* End PBXFrameworksBuildPhase section */

/* Begin PBXGroup section */
		700CA4202DBBF6AB00C8759D = {
			isa = PBXGroup;
			children = (
				700CA46A2DBBF6F900C8759D /* SismikApp */,
				7022EAAC2DBD59AD0099C8D1 /* SismikAppTests */,
				700CA42A2DBBF6AB00C8759D /* Products */,
			);
			sourceTree = "<group>";
		};
		700CA42A2DBBF6AB00C8759D /* Products */ = {
			isa = PBXGroup;
			children = (
				700CA4292DBBF6AB00C8759D /* SismikApp.app */,
				7022EA9B2DBD595E0099C8D1 /* SismikAppTests.xctest */,
			);
			name = Products;
			sourceTree = "<group>";
		};
		700CA4662DBBF6F900C8759D /* Supporting */ = {
			isa = PBXGroup;
			children = (
				70C175E82DEB6E7700856824 /* Lottie */,
				700CA4622DBBF6F900C8759D /* Assets.xcassets */,
				700CA4632DBBF6F900C8759D /* Info.plist */,
				706578B92DC956C50018A011 /* LaunchScreen.storyboard */,
			);
			path = Supporting;
			sourceTree = "<group>";
		};
		700CA46A2DBBF6F900C8759D /* SismikApp */ = {
			isa = PBXGroup;
			children = (
				700CA4742DBBF70200C8759D /* App */,
				700CA48E2DBBFC9B00C8759D /* Utilities */,
				7022EA552DBD23DC0099C8D1 /* Core */,
				700CA47D2DBBF97400C8759D /* Data */,
				7022EA592DBD261C0099C8D1 /* Domain */,
				700CA4992DBBFE2200C8759D /* Presentation */,
				700CA4662DBBF6F900C8759D /* Supporting */,
				70F683CE2DECF34800EC6199 /* Localizable.strings */,
			);
			path = SismikApp;
			sourceTree = "<group>";
		};
		700CA4742DBBF70200C8759D /* App */ = {
			isa = PBXGroup;
			children = (
				700CA4722DBBF70200C8759D /* AppDelegate.swift */,
				700CA4732DBBF70200C8759D /* SceneDelegate.swift */,
				70C175D32DEB625600856824 /* AppCoordinator.swift */,
				7022EA832DBD4BE10099C8D1 /* AppNavigationControllerProvider.swift */,
			);
			path = App;
			sourceTree = "<group>";
		};
		700CA47C2DBBF97400C8759D /* DTOs */ = {
			isa = PBXGroup;
			children = (
				702904792DFEEC19006CD1D1 /* EarthquakeDTOConvertible.swift */,
				7029047F2DFEEC94006CD1D1 /* EMSC */,
				702904822DFEEC97006CD1D1 /* USGS */,
			);
			path = DTOs;
			sourceTree = "<group>";
		};
		700CA47D2DBBF97400C8759D /* Data */ = {
			isa = PBXGroup;
			children = (
				700CA47C2DBBF97400C8759D /* DTOs */,
				7022EAD62DBD6AE20099C8D1 /* Mappers */,
				7022EAD22DBD69B00099C8D1 /* RepositoryImpl */,
			);
			path = Data;
			sourceTree = "<group>";
		};
		700CA48E2DBBFC9B00C8759D /* Utilities */ = {
			isa = PBXGroup;
			children = (
				700CA4942DBBFCA200C8759D /* Extensions */,
				702904952DFEF5B3006CD1D1 /* DateParsers.swift */,
			);
			path = Utilities;
			sourceTree = "<group>";
		};
		700CA4942DBBFCA200C8759D /* Extensions */ = {
			isa = PBXGroup;
			children = (
				7022EA912DBD522F0099C8D1 /* Date+Ext.swift */,
				702904762DFEE97D006CD1D1 /* DateFormatter+Ext.swift */,
				70BF513D2DBEE7BD009F1E8D /* Double+Ext.swift */,
				70C175CF2DEB543300856824 /* UserDefaults+Ext.swift */,
			);
			path = Extensions;
			sourceTree = "<group>";
		};
		700CA4992DBBFE2200C8759D /* Presentation */ = {
			isa = PBXGroup;
			children = (
				70C175CA2DEB4F9700856824 /* Onboarding */,
				70BF51782DBEF68C009F1E8D /* EarthquakeMapView */,
				70BF51562DBEED0A009F1E8D /* EarthquakeDetail */,
				70ED27252DD8E42500B0FC80 /* EarthquakeFilter */,
				70BF515A2DBEED0A009F1E8D /* EarthquakeList */,
				70BF515D2DBEED0A009F1E8D /* LocationAccess */,
			);
			path = Presentation;
			sourceTree = "<group>";
		};
		7022EA552DBD23DC0099C8D1 /* Core */ = {
			isa = PBXGroup;
			children = (
				70BF51852DBEF9D9009F1E8D /* Map */,
				7022EA772DBD44760099C8D1 /* Network */,
				7022EA732DBD44700099C8D1 /* Location */,
			);
			path = Core;
			sourceTree = "<group>";
		};
		7022EA592DBD261C0099C8D1 /* Domain */ = {
			isa = PBXGroup;
			children = (
				70ED271C2DD8D68800B0FC80 /* Queries */,
				7022EA5D2DBD27CD0099C8D1 /* Entities */,
				7022EACE2DBD69480099C8D1 /* Repositories */,
				7022EA602DBD27DF0099C8D1 /* UseCases */,
			);
			path = Domain;
			sourceTree = "<group>";
		};
		7022EA5D2DBD27CD0099C8D1 /* Entities */ = {
			isa = PBXGroup;
			children = (
				7022EA5C2DBD27CD0099C8D1 /* Earthquake.swift */,
			);
			path = Entities;
			sourceTree = "<group>";
		};
		7022EA602DBD27DF0099C8D1 /* UseCases */ = {
			isa = PBXGroup;
			children = (
				7022EA612DBD27F60099C8D1 /* FetchNearbyEarthquakesUseCaseProtocol.swift */,
				7022EADD2DBD6D2E0099C8D1 /* DefaultFetchNearbyEarthquakesUseCase.swift */,
			);
			path = UseCases;
			sourceTree = "<group>";
		};
		7022EA732DBD44700099C8D1 /* Location */ = {
			isa = PBXGroup;
			children = (
				7022EA722DBD44700099C8D1 /* DefaultLocationManager.swift */,
				7022EAC72DBD671F0099C8D1 /* LocationManagerProtocol.swift */,
			);
			path = Location;
			sourceTree = "<group>";
		};
		7022EA772DBD44760099C8D1 /* Network */ = {
			isa = PBXGroup;
			children = (
				702904662DFEE829006CD1D1 /* Endpoint */,
				7029046B2DFEE832006CD1D1 /* Service */,
			);
			path = Network;
			sourceTree = "<group>";
		};
		7022EAA92DBD59AD0099C8D1 /* UseCases */ = {
			isa = PBXGroup;
			children = (
				7022EAA82DBD59AD0099C8D1 /* FetchNearbyEarthquakesUseCaseTests.swift */,
			);
			path = UseCases;
			sourceTree = "<group>";
		};
		7022EAAA2DBD59AD0099C8D1 /* Domain */ = {
			isa = PBXGroup;
			children = (
				7022EAA92DBD59AD0099C8D1 /* UseCases */,
			);
			path = Domain;
			sourceTree = "<group>";
		};
		7022EAAC2DBD59AD0099C8D1 /* SismikAppTests */ = {
			isa = PBXGroup;
			children = (
				7022EAB22DBD59D30099C8D1 /* Core */,
				7022EAAA2DBD59AD0099C8D1 /* Domain */,
				7022EABC2DBD5CB20099C8D1 /* Presentation */,
				7022EAB72DBD5A000099C8D1 /* Helpers */,
			);
			path = SismikAppTests;
			sourceTree = "<group>";
		};
		7022EAB12DBD59D30099C8D1 /* Network */ = {
			isa = PBXGroup;
			children = (
			);
			path = Network;
			sourceTree = "<group>";
		};
		7022EAB22DBD59D30099C8D1 /* Core */ = {
			isa = PBXGroup;
			children = (
				7022EAB12DBD59D30099C8D1 /* Network */,
			);
			path = Core;
			sourceTree = "<group>";
		};
		7022EAB72DBD5A000099C8D1 /* Helpers */ = {
			isa = PBXGroup;
			children = (
				7022EAD92DBD6B410099C8D1 /* MockEarthquakeRepository.swift */,
				7022EAB62DBD5A000099C8D1 /* MockEarthquakeService.swift */,
				7022EAC52DBD5E2E0099C8D1 /* MockLocationManager.swift */,
			);
			path = Helpers;
			sourceTree = "<group>";
		};
		7022EABB2DBD5CB20099C8D1 /* EarthquakeList */ = {
			isa = PBXGroup;
			children = (
			);
			path = EarthquakeList;
			sourceTree = "<group>";
		};
		7022EABC2DBD5CB20099C8D1 /* Presentation */ = {
			isa = PBXGroup;
			children = (
				7022EAC32DBD5CD40099C8D1 /* EarthquakeDetail */,
				7022EABB2DBD5CB20099C8D1 /* EarthquakeList */,
			);
			path = Presentation;
			sourceTree = "<group>";
		};
		7022EAC32DBD5CD40099C8D1 /* EarthquakeDetail */ = {
			isa = PBXGroup;
			children = (
			);
			path = EarthquakeDetail;
			sourceTree = "<group>";
		};
		7022EACE2DBD69480099C8D1 /* Repositories */ = {
			isa = PBXGroup;
			children = (
				7022EACF2DBD69540099C8D1 /* EarthquakeRepositoryProtocol.swift */,
			);
			path = Repositories;
			sourceTree = "<group>";
		};
		7022EAD22DBD69B00099C8D1 /* RepositoryImpl */ = {
			isa = PBXGroup;
			children = (
				7022EAD32DBD69B90099C8D1 /* DefaultEarthquakeRepository.swift */,
			);
			path = RepositoryImpl;
			sourceTree = "<group>";
		};
		7022EAD62DBD6AE20099C8D1 /* Mappers */ = {
			isa = PBXGroup;
			children = (
				7022EAD72DBD6AFA0099C8D1 /* USGSEarthquakeDTO+Mapping.swift */,
				702904912DFEEFC5006CD1D1 /* EMSCEarthquakeDTO+Mapping.swift */,
			);
			path = Mappers;
			sourceTree = "<group>";
		};
		702904662DFEE829006CD1D1 /* Endpoint */ = {
			isa = PBXGroup;
			children = (
				702904652DFEE829006CD1D1 /* Endpoint.swift */,
				702904722DFEE850006CD1D1 /* EMSCQueryItemBuilder.swift */,
				702904702DFEE846006CD1D1 /* USGSQueryItemBuilder.swift */,
				7029046E2DFEE840006CD1D1 /* QueryItemBuilder.swift */,
			);
			path = Endpoint;
			sourceTree = "<group>";
		};
		7029046B2DFEE832006CD1D1 /* Service */ = {
			isa = PBXGroup;
			children = (
				702904692DFEE832006CD1D1 /* EarthquakeServiceProtocol.swift */,
				7029046A2DFEE832006CD1D1 /* USGSEarthquakeService.swift */,
				702904932DFEF0A4006CD1D1 /* EMSCEarthquakeService.swift */,
			);
			path = Service;
			sourceTree = "<group>";
		};
		7029047F2DFEEC94006CD1D1 /* EMSC */ = {
			isa = PBXGroup;
			children = (
				702904852DFEEE38006CD1D1 /* EMSCEarthquakeResponseDTO.swift */,
				7029048B2DFEEED2006CD1D1 /* EMSCEarthquakePropertiesDTO.swift */,
				702904892DFEEECF006CD1D1 /* EMSCEarthquakeGeometryDTO.swift */,
				702904872DFEEECB006CD1D1 /* EMSCEarthquakeDTO.swift */,
			);
			path = EMSC;
			sourceTree = "<group>";
		};
		702904822DFEEC97006CD1D1 /* USGS */ = {
			isa = PBXGroup;
			children = (
				702904802DFEEC97006CD1D1 /* USGSEarthquakeDTO.swift */,
				7029048F2DFEEEF4006CD1D1 /* USGSEarthquakeGeometryDTO.swift */,
				7029048D2DFEEEF1006CD1D1 /* USGSEarthquakePropertiesDTO.swift */,
				702904812DFEEC97006CD1D1 /* USGSEarthquakeResponseDTO.swift */,
			);
			path = USGS;
			sourceTree = "<group>";
		};
		702A78982DBFBF1500AF88F2 /* Views */ = {
			isa = PBXGroup;
			children = (
				704275722DD7B02A00FB22B8 /* EarthquakePinAnnotationView.swift */,
				704275702DD7B02600FB22B8 /* EarthquakeAnnotation.swift */,
				702A789E2DBFC5EA00AF88F2 /* EarthquakePopupView.swift */,
			);
			path = Views;
			sourceTree = "<group>";
		};
		7042757B2DD7CCF300FB22B8 /* Views */ = {
			isa = PBXGroup;
			children = (
				704275792DD7CCF300FB22B8 /* MiniMapView.swift */,
				7042757A2DD7CCF300FB22B8 /* MiniMapViewWrapper.swift */,
			);
			path = Views;
			sourceTree = "<group>";
		};
		70BF51562DBEED0A009F1E8D /* EarthquakeDetail */ = {
			isa = PBXGroup;
			children = (
				7042757B2DD7CCF300FB22B8 /* Views */,
				70BF51532DBEED0A009F1E8D /* EarthquakeDetailsCoordinator.swift */,
				70BF51542DBEED0A009F1E8D /* EarthquakeDetailView.swift */,
				70BF51552DBEED0A009F1E8D /* EarthquakeDetailViewModel.swift */,
			);
			path = EarthquakeDetail;
			sourceTree = "<group>";
		};
		70BF515A2DBEED0A009F1E8D /* EarthquakeList */ = {
			isa = PBXGroup;
			children = (
				70BF516C2DBEF24A009F1E8D /* Views */,
				70BF51572DBEED0A009F1E8D /* EarthquakeListCoordinator.swift */,
				70BF51582DBEED0A009F1E8D /* EarthquakeListView.swift */,
				70BF51592DBEED0A009F1E8D /* EarthquakeListViewModel.swift */,
			);
			path = EarthquakeList;
			sourceTree = "<group>";
		};
		70BF515D2DBEED0A009F1E8D /* LocationAccess */ = {
			isa = PBXGroup;
			children = (
				70BF515B2DBEED0A009F1E8D /* LocationAccessCoordinator.swift */,
				70BF515C2DBEED0A009F1E8D /* LocationAccessView.swift */,
			);
			path = LocationAccess;
			sourceTree = "<group>";
		};
		70BF516C2DBEF24A009F1E8D /* Views */ = {
			isa = PBXGroup;
			children = (
				70ED27362DD92FA500B0FC80 /* FilterSummaryBannerView.swift */,
				70BF516B2DBEF24A009F1E8D /* EmptyStateView.swift */,
				70BF516E2DBEF24F009F1E8D /* LoadingView.swift */,
				70BF51722DBEF25F009F1E8D /* EarthquakeList.swift */,
				70BF51702DBEF257009F1E8D /* ErrorView.swift */,
			);
			path = Views;
			sourceTree = "<group>";
		};
		70BF51782DBEF68C009F1E8D /* EarthquakeMapView */ = {
			isa = PBXGroup;
			children = (
				702A78982DBFBF1500AF88F2 /* Views */,
				70BF517C2DBEF9B9009F1E8D /* EarthquakeMapViewModel.swift */,
				70BF517A2DBEF9B3009F1E8D /* EarthquakeMapCoordinator.swift */,
				7042756E2DD79BFA00FB22B8 /* EarthquakeMapViewController.swift */,
			);
			path = EarthquakeMapView;
			sourceTree = "<group>";
		};
		70BF51852DBEF9D9009F1E8D /* Map */ = {
			isa = PBXGroup;
			children = (
				70BF51842DBEF9D9009F1E8D /* MapRegionProviding.swift */,
				70BF51832DBEF9D9009F1E8D /* MapRegionProvider.swift */,
			);
			path = Map;
			sourceTree = "<group>";
		};
		70C175CA2DEB4F9700856824 /* Onboarding */ = {
			isa = PBXGroup;
			children = (
				70C175CB2DEB4FA400856824 /* OnboardingViewController.swift */,
				70C175CD2DEB4FCB00856824 /* OnboardingPageViewController.swift */,
				70C175D12DEB545900856824 /* OnboardingCoordinator.swift */,
			);
			path = Onboarding;
			sourceTree = "<group>";
		};
		70C175E82DEB6E7700856824 /* Lottie */ = {
			isa = PBXGroup;
			children = (
				70C175F22DEB6FAF00856824 /* filter.lottie */,
				70C175F32DEB6FAF00856824 /* globe.lottie */,
				70C175F42DEB6FAF00856824 /* map.lottie */,
			);
			path = Lottie;
			sourceTree = "<group>";
		};
		70ED271C2DD8D68800B0FC80 /* Queries */ = {
			isa = PBXGroup;
			children = (
				70ED27192DD8D64500B0FC80 /* EarthquakeQuery.swift */,
				70ED271D2DD8D69700B0FC80 /* EarthquakeQuery+Default.swift */,
				70ED27382DD9331900B0FC80 /* EarthquakeQuery+Persistence.swift */,
			);
			path = Queries;
			sourceTree = "<group>";
		};
		70ED27252DD8E42500B0FC80 /* EarthquakeFilter */ = {
			isa = PBXGroup;
			children = (
				70ED272E2DD9121500B0FC80 /* Cells */,
				70ED271F2DD8D97A00B0FC80 /* DefaultEarthquakeFilterViewModel.swift */,
				70ED27342DD9250700B0FC80 /* EarthquakeFilterSnapshotBuilder.swift */,
				70ED27282DD8F0B100B0FC80 /* EarthquakeFilterViewController.swift */,
				70ED27262DD8E44100B0FC80 /* EarthquakeFilterCoordinator.swift */,
			);
			path = EarthquakeFilter;
			sourceTree = "<group>";
		};
		70ED272E2DD9121500B0FC80 /* Cells */ = {
			isa = PBXGroup;
			children = (
				70ED272D2DD9121500B0FC80 /* SliderCell.swift */,
				70ED27302DD914E200B0FC80 /* DatePickerCell.swift */,
				70ED27322DD9180900B0FC80 /* ButtonGroupCell.swift */,
			);
			path = Cells;
			sourceTree = "<group>";
		};
/* End PBXGroup section */

/* Begin PBXNativeTarget section */
		700CA4282DBBF6AB00C8759D /* SismikApp */ = {
			isa = PBXNativeTarget;
			buildConfigurationList = 700CA43C2DBBF6AB00C8759D /* Build configuration list for PBXNativeTarget "SismikApp" */;
			buildPhases = (
				700CA4252DBBF6AB00C8759D /* Sources */,
				700CA4262DBBF6AB00C8759D /* Frameworks */,
				700CA4272DBBF6AB00C8759D /* Resources */,
			);
			buildRules = (
			);
			dependencies = (
			);
			name = SismikApp;
			packageProductDependencies = (
				70C175F92DEB70A500856824 /* DotLottie */,
			);
			productName = SismikApp;
			productReference = 700CA4292DBBF6AB00C8759D /* SismikApp.app */;
			productType = "com.apple.product-type.application";
		};
		7022EA9A2DBD595E0099C8D1 /* SismikAppTests */ = {
			isa = PBXNativeTarget;
			buildConfigurationList = 7022EAA12DBD595E0099C8D1 /* Build configuration list for PBXNativeTarget "SismikAppTests" */;
			buildPhases = (
				7022EA972DBD595E0099C8D1 /* Sources */,
				7022EA982DBD595E0099C8D1 /* Frameworks */,
				7022EA992DBD595E0099C8D1 /* Resources */,
			);
			buildRules = (
			);
			dependencies = (
				7022EAA02DBD595E0099C8D1 /* PBXTargetDependency */,
			);
			name = SismikAppTests;
			packageProductDependencies = (
			);
			productName = SismikAppTests;
			productReference = 7022EA9B2DBD595E0099C8D1 /* SismikAppTests.xctest */;
			productType = "com.apple.product-type.bundle.unit-test";
		};
/* End PBXNativeTarget section */

/* Begin PBXProject section */
		700CA4212DBBF6AB00C8759D /* Project object */ = {
			isa = PBXProject;
			attributes = {
				BuildIndependentTargetsInParallel = 1;
				LastSwiftUpdateCheck = 1620;
				LastUpgradeCheck = 1620;
				TargetAttributes = {
					700CA4282DBBF6AB00C8759D = {
						CreatedOnToolsVersion = 16.2;
					};
					7022EA9A2DBD595E0099C8D1 = {
						CreatedOnToolsVersion = 16.2;
						TestTargetID = 700CA4282DBBF6AB00C8759D;
					};
				};
			};
			buildConfigurationList = 700CA4242DBBF6AB00C8759D /* Build configuration list for PBXProject "SismikApp" */;
			developmentRegion = en;
			hasScannedForEncodings = 0;
			knownRegions = (
				en,
				Base,
				tr,
			);
			mainGroup = 700CA4202DBBF6AB00C8759D;
			minimizedProjectReferenceProxies = 1;
			packageReferences = (
				70C175F82DEB70A500856824 /* XCRemoteSwiftPackageReference "dotlottie-ios" */,
			);
			preferredProjectObjectVersion = 77;
			productRefGroup = 700CA42A2DBBF6AB00C8759D /* Products */;
			projectDirPath = "";
			projectRoot = "";
			targets = (
				700CA4282DBBF6AB00C8759D /* SismikApp */,
				7022EA9A2DBD595E0099C8D1 /* SismikAppTests */,
			);
		};
/* End PBXProject section */

/* Begin PBXResourcesBuildPhase section */
		700CA4272DBBF6AB00C8759D /* Resources */ = {
			isa = PBXResourcesBuildPhase;
			buildActionMask = 2147483647;
			files = (
				700CA46B2DBBF6F900C8759D /* Assets.xcassets in Resources */,
				70F683D02DECF34800EC6199 /* Localizable.strings in Resources */,
				70C175F52DEB6FAF00856824 /* globe.lottie in Resources */,
				70C175F62DEB6FAF00856824 /* filter.lottie in Resources */,
				70C175F72DEB6FAF00856824 /* map.lottie in Resources */,
				706578BA2DC956C50018A011 /* LaunchScreen.storyboard in Resources */,
			);
			runOnlyForDeploymentPostprocessing = 0;
		};
		7022EA992DBD595E0099C8D1 /* Resources */ = {
			isa = PBXResourcesBuildPhase;
			buildActionMask = 2147483647;
			files = (
			);
			runOnlyForDeploymentPostprocessing = 0;
		};
/* End PBXResourcesBuildPhase section */

/* Begin PBXSourcesBuildPhase section */
		700CA4252DBBF6AB00C8759D /* Sources */ = {
			isa = PBXSourcesBuildPhase;
			buildActionMask = 2147483647;
			files = (
				7022EAD02DBD69540099C8D1 /* EarthquakeRepositoryProtocol.swift in Sources */,
				70BF515F2DBEED0A009F1E8D /* EarthquakeDetailsCoordinator.swift in Sources */,
				70BF51602DBEED0A009F1E8D /* EarthquakeDetailView.swift in Sources */,
				70BF51612DBEED0A009F1E8D /* EarthquakeDetailViewModel.swift in Sources */,
				7029046C2DFEE832006CD1D1 /* EarthquakeServiceProtocol.swift in Sources */,
				7029046D2DFEE832006CD1D1 /* USGSEarthquakeService.swift in Sources */,
				7042757C2DD7CCF300FB22B8 /* MiniMapView.swift in Sources */,
				7042757D2DD7CCF300FB22B8 /* MiniMapViewWrapper.swift in Sources */,
				70BF51622DBEED0A009F1E8D /* EarthquakeListCoordinator.swift in Sources */,
				70C175D42DEB625600856824 /* AppCoordinator.swift in Sources */,
				70BF51632DBEED0A009F1E8D /* EarthquakeListView.swift in Sources */,
				70ED271E2DD8D69700B0FC80 /* EarthquakeQuery+Default.swift in Sources */,
				70BF517B2DBEF9B3009F1E8D /* EarthquakeMapCoordinator.swift in Sources */,
				70BF51712DBEF257009F1E8D /* ErrorView.swift in Sources */,
				70BF51862DBEF9D9009F1E8D /* MapRegionProvider.swift in Sources */,
				7029048E2DFEEEF1006CD1D1 /* USGSEarthquakePropertiesDTO.swift in Sources */,
				702904862DFEEE38006CD1D1 /* EMSCEarthquakeResponseDTO.swift in Sources */,
				70ED271A2DD8D64500B0FC80 /* EarthquakeQuery.swift in Sources */,
				70BF51872DBEF9D9009F1E8D /* MapRegionProviding.swift in Sources */,
				70BF51642DBEED0A009F1E8D /* EarthquakeListViewModel.swift in Sources */,
				70BF51652DBEED0A009F1E8D /* LocationAccessCoordinator.swift in Sources */,
				704275712DD7B02600FB22B8 /* EarthquakeAnnotation.swift in Sources */,
				70BF51662DBEED0A009F1E8D /* LocationAccessView.swift in Sources */,
				7022EAD42DBD69B90099C8D1 /* DefaultEarthquakeRepository.swift in Sources */,
				70ED27202DD8D97A00B0FC80 /* DefaultEarthquakeFilterViewModel.swift in Sources */,
				7022EA842DBD4BE10099C8D1 /* AppNavigationControllerProvider.swift in Sources */,
				7022EA5E2DBD27CD0099C8D1 /* Earthquake.swift in Sources */,
				70BF513E2DBEE7BD009F1E8D /* Double+Ext.swift in Sources */,
				7029046F2DFEE840006CD1D1 /* QueryItemBuilder.swift in Sources */,
				702904832DFEEC97006CD1D1 /* USGSEarthquakeDTO.swift in Sources */,
				702904902DFEEEF4006CD1D1 /* USGSEarthquakeGeometryDTO.swift in Sources */,
				702904842DFEEC97006CD1D1 /* USGSEarthquakeResponseDTO.swift in Sources */,
				702904962DFEF5B3006CD1D1 /* DateParsers.swift in Sources */,
				702A789F2DBFC5EA00AF88F2 /* EarthquakePopupView.swift in Sources */,
				7022EA622DBD27F60099C8D1 /* FetchNearbyEarthquakesUseCaseProtocol.swift in Sources */,
				7029048A2DFEEECF006CD1D1 /* EMSCEarthquakeGeometryDTO.swift in Sources */,
				700CA4752DBBF70200C8759D /* AppDelegate.swift in Sources */,
				702904672DFEE829006CD1D1 /* Endpoint.swift in Sources */,
				70ED27292DD8F0B100B0FC80 /* EarthquakeFilterViewController.swift in Sources */,
				70C175D22DEB545900856824 /* OnboardingCoordinator.swift in Sources */,
				7022EAC82DBD671F0099C8D1 /* LocationManagerProtocol.swift in Sources */,
				70C175CE2DEB4FCB00856824 /* OnboardingPageViewController.swift in Sources */,
				700CA4762DBBF70200C8759D /* SceneDelegate.swift in Sources */,
				70ED27332DD9180900B0FC80 /* ButtonGroupCell.swift in Sources */,
				7029048C2DFEEED2006CD1D1 /* EMSCEarthquakePropertiesDTO.swift in Sources */,
				702904772DFEE97D006CD1D1 /* DateFormatter+Ext.swift in Sources */,
				702904922DFEEFC5006CD1D1 /* EMSCEarthquakeDTO+Mapping.swift in Sources */,
				702904712DFEE846006CD1D1 /* USGSQueryItemBuilder.swift in Sources */,
				70BF51732DBEF25F009F1E8D /* EarthquakeList.swift in Sources */,
				70ED27312DD914E200B0FC80 /* DatePickerCell.swift in Sources */,
				7029047A2DFEEC19006CD1D1 /* EarthquakeDTOConvertible.swift in Sources */,
				70C175D02DEB543300856824 /* UserDefaults+Ext.swift in Sources */,
				7022EA922DBD522F0099C8D1 /* Date+Ext.swift in Sources */,
				70BF516D2DBEF24A009F1E8D /* EmptyStateView.swift in Sources */,
				70ED27352DD9250700B0FC80 /* EarthquakeFilterSnapshotBuilder.swift in Sources */,
				70ED27272DD8E44100B0FC80 /* EarthquakeFilterCoordinator.swift in Sources */,
				70BF516F2DBEF24F009F1E8D /* LoadingView.swift in Sources */,
				70C175CC2DEB4FA400856824 /* OnboardingViewController.swift in Sources */,
				7022EAD82DBD6AFA0099C8D1 /* USGSEarthquakeDTO+Mapping.swift in Sources */,
				70BF517D2DBEF9B9009F1E8D /* EarthquakeMapViewModel.swift in Sources */,
				702904732DFEE850006CD1D1 /* EMSCQueryItemBuilder.swift in Sources */,
				702904882DFEEECB006CD1D1 /* EMSCEarthquakeDTO.swift in Sources */,
				7042756F2DD79BFA00FB22B8 /* EarthquakeMapViewController.swift in Sources */,
				704275732DD7B02A00FB22B8 /* EarthquakePinAnnotationView.swift in Sources */,
				7022EA742DBD44700099C8D1 /* DefaultLocationManager.swift in Sources */,
				70ED27372DD92FA500B0FC80 /* FilterSummaryBannerView.swift in Sources */,
				702904942DFEF0A4006CD1D1 /* EMSCEarthquakeService.swift in Sources */,
				70ED27392DD9331900B0FC80 /* EarthquakeQuery+Persistence.swift in Sources */,
				70ED272F2DD9121500B0FC80 /* SliderCell.swift in Sources */,
				7022EADE2DBD6D2E0099C8D1 /* DefaultFetchNearbyEarthquakesUseCase.swift in Sources */,
			);
			runOnlyForDeploymentPostprocessing = 0;
		};
		7022EA972DBD595E0099C8D1 /* Sources */ = {
			isa = PBXSourcesBuildPhase;
			buildActionMask = 2147483647;
			files = (
				7022EAC62DBD5E2E0099C8D1 /* MockLocationManager.swift in Sources */,
				7022EAB82DBD5A000099C8D1 /* MockEarthquakeService.swift in Sources */,
				7022EAAD2DBD59AD0099C8D1 /* FetchNearbyEarthquakesUseCaseTests.swift in Sources */,
				7022EADA2DBD6B410099C8D1 /* MockEarthquakeRepository.swift in Sources */,
			);
			runOnlyForDeploymentPostprocessing = 0;
		};
/* End PBXSourcesBuildPhase section */

/* Begin PBXTargetDependency section */
		7022EAA02DBD595E0099C8D1 /* PBXTargetDependency */ = {
			isa = PBXTargetDependency;
			target = 700CA4282DBBF6AB00C8759D /* SismikApp */;
			targetProxy = 7022EA9F2DBD595E0099C8D1 /* PBXContainerItemProxy */;
		};
/* End PBXTargetDependency section */

/* Begin PBXVariantGroup section */
		70F683CE2DECF34800EC6199 /* Localizable.strings */ = {
			isa = PBXVariantGroup;
			children = (
				70F683CF2DECF34800EC6199 /* en */,
				70F683D12DECF37400EC6199 /* tr */,
			);
			name = Localizable.strings;
			sourceTree = "<group>";
		};
/* End PBXVariantGroup section */

/* Begin XCBuildConfiguration section */
		700CA43D2DBBF6AB00C8759D /* Debug */ = {
			isa = XCBuildConfiguration;
			buildSettings = {
				ASSETCATALOG_COMPILER_APPICON_NAME = AppIcon;
				ASSETCATALOG_COMPILER_GLOBAL_ACCENT_COLOR_NAME = AccentColor;
				CODE_SIGN_STYLE = Automatic;
				CURRENT_PROJECT_VERSION = 1;
				DEVELOPMENT_TEAM = ZF77D3H4CR;
				GENERATE_INFOPLIST_FILE = YES;
				INFOPLIST_FILE = SismikApp/Supporting/Info.plist;
				INFOPLIST_KEY_NSLocationWhenInUseUsageDescription = "This app needs your location to show nearby earthquakes.";
				INFOPLIST_KEY_UIApplicationSupportsIndirectInputEvents = YES;
				INFOPLIST_KEY_UILaunchStoryboardName = LaunchScreen;
				INFOPLIST_KEY_UIMainStoryboardFile = "";
				INFOPLIST_KEY_UISupportedInterfaceOrientations = UIInterfaceOrientationPortrait;
				INFOPLIST_KEY_UISupportedInterfaceOrientations_iPad = "UIInterfaceOrientationLandscapeLeft UIInterfaceOrientationLandscapeRight UIInterfaceOrientationPortrait UIInterfaceOrientationPortraitUpsideDown";
				IPHONEOS_DEPLOYMENT_TARGET = 16.6;
				LD_RUNPATH_SEARCH_PATHS = (
					"$(inherited)",
					"@executable_path/Frameworks",
				);
				MARKETING_VERSION = 1.0;
				PRODUCT_BUNDLE_IDENTIFIER = com.ertan.SismikApp;
				PRODUCT_NAME = "$(TARGET_NAME)";
				SUPPORTED_PLATFORMS = "iphoneos iphonesimulator";
				SUPPORTS_MACCATALYST = NO;
				SUPPORTS_MAC_DESIGNED_FOR_IPHONE_IPAD = NO;
				SUPPORTS_XR_DESIGNED_FOR_IPHONE_IPAD = NO;
				SWIFT_EMIT_LOC_STRINGS = YES;
				SWIFT_VERSION = 5.0;
				TARGETED_DEVICE_FAMILY = 1;
			};
			name = Debug;
		};
		700CA43E2DBBF6AB00C8759D /* Release */ = {
			isa = XCBuildConfiguration;
			buildSettings = {
				ASSETCATALOG_COMPILER_APPICON_NAME = AppIcon;
				ASSETCATALOG_COMPILER_GLOBAL_ACCENT_COLOR_NAME = AccentColor;
				CODE_SIGN_STYLE = Automatic;
				CURRENT_PROJECT_VERSION = 1;
				DEVELOPMENT_TEAM = ZF77D3H4CR;
				GENERATE_INFOPLIST_FILE = YES;
				INFOPLIST_FILE = SismikApp/Supporting/Info.plist;
				INFOPLIST_KEY_NSLocationWhenInUseUsageDescription = "This app needs your location to show nearby earthquakes.";
				INFOPLIST_KEY_UIApplicationSupportsIndirectInputEvents = YES;
				INFOPLIST_KEY_UILaunchStoryboardName = LaunchScreen;
				INFOPLIST_KEY_UIMainStoryboardFile = "";
				INFOPLIST_KEY_UISupportedInterfaceOrientations = UIInterfaceOrientationPortrait;
				INFOPLIST_KEY_UISupportedInterfaceOrientations_iPad = "UIInterfaceOrientationLandscapeLeft UIInterfaceOrientationLandscapeRight UIInterfaceOrientationPortrait UIInterfaceOrientationPortraitUpsideDown";
				IPHONEOS_DEPLOYMENT_TARGET = 16.6;
				LD_RUNPATH_SEARCH_PATHS = (
					"$(inherited)",
					"@executable_path/Frameworks",
				);
				MARKETING_VERSION = 1.0;
				PRODUCT_BUNDLE_IDENTIFIER = com.ertan.SismikApp;
				PRODUCT_NAME = "$(TARGET_NAME)";
				SUPPORTED_PLATFORMS = "iphoneos iphonesimulator";
				SUPPORTS_MACCATALYST = NO;
				SUPPORTS_MAC_DESIGNED_FOR_IPHONE_IPAD = NO;
				SUPPORTS_XR_DESIGNED_FOR_IPHONE_IPAD = NO;
				SWIFT_EMIT_LOC_STRINGS = YES;
				SWIFT_VERSION = 5.0;
				TARGETED_DEVICE_FAMILY = 1;
			};
			name = Release;
		};
		700CA43F2DBBF6AB00C8759D /* Debug */ = {
			isa = XCBuildConfiguration;
			buildSettings = {
				ALWAYS_SEARCH_USER_PATHS = NO;
				ASSETCATALOG_COMPILER_GENERATE_SWIFT_ASSET_SYMBOL_EXTENSIONS = YES;
				CLANG_ANALYZER_LOCALIZABILITY_NONLOCALIZED = YES;
				CLANG_ANALYZER_NONNULL = YES;
				CLANG_ANALYZER_NUMBER_OBJECT_CONVERSION = YES_AGGRESSIVE;
				CLANG_CXX_LANGUAGE_STANDARD = "gnu++20";
				CLANG_ENABLE_MODULES = YES;
				CLANG_ENABLE_OBJC_ARC = YES;
				CLANG_ENABLE_OBJC_WEAK = YES;
				CLANG_WARN_BLOCK_CAPTURE_AUTORELEASING = YES;
				CLANG_WARN_BOOL_CONVERSION = YES;
				CLANG_WARN_COMMA = YES;
				CLANG_WARN_CONSTANT_CONVERSION = YES;
				CLANG_WARN_DEPRECATED_OBJC_IMPLEMENTATIONS = YES;
				CLANG_WARN_DIRECT_OBJC_ISA_USAGE = YES_ERROR;
				CLANG_WARN_DOCUMENTATION_COMMENTS = YES;
				CLANG_WARN_EMPTY_BODY = YES;
				CLANG_WARN_ENUM_CONVERSION = YES;
				CLANG_WARN_INFINITE_RECURSION = YES;
				CLANG_WARN_INT_CONVERSION = YES;
				CLANG_WARN_NON_LITERAL_NULL_CONVERSION = YES;
				CLANG_WARN_OBJC_IMPLICIT_RETAIN_SELF = YES;
				CLANG_WARN_OBJC_LITERAL_CONVERSION = YES;
				CLANG_WARN_OBJC_ROOT_CLASS = YES_ERROR;
				CLANG_WARN_QUOTED_INCLUDE_IN_FRAMEWORK_HEADER = YES;
				CLANG_WARN_RANGE_LOOP_ANALYSIS = YES;
				CLANG_WARN_STRICT_PROTOTYPES = YES;
				CLANG_WARN_SUSPICIOUS_MOVE = YES;
				CLANG_WARN_UNGUARDED_AVAILABILITY = YES_AGGRESSIVE;
				CLANG_WARN_UNREACHABLE_CODE = YES;
				CLANG_WARN__DUPLICATE_METHOD_MATCH = YES;
				COPY_PHASE_STRIP = NO;
				DEBUG_INFORMATION_FORMAT = dwarf;
				ENABLE_STRICT_OBJC_MSGSEND = YES;
				ENABLE_TESTABILITY = YES;
				ENABLE_USER_SCRIPT_SANDBOXING = YES;
				GCC_C_LANGUAGE_STANDARD = gnu17;
				GCC_DYNAMIC_NO_PIC = NO;
				GCC_NO_COMMON_BLOCKS = YES;
				GCC_OPTIMIZATION_LEVEL = 0;
				GCC_PREPROCESSOR_DEFINITIONS = (
					"DEBUG=1",
					"$(inherited)",
				);
				GCC_WARN_64_TO_32_BIT_CONVERSION = YES;
				GCC_WARN_ABOUT_RETURN_TYPE = YES_ERROR;
				GCC_WARN_UNDECLARED_SELECTOR = YES;
				GCC_WARN_UNINITIALIZED_AUTOS = YES_AGGRESSIVE;
				GCC_WARN_UNUSED_FUNCTION = YES;
				GCC_WARN_UNUSED_VARIABLE = YES;
				IPHONEOS_DEPLOYMENT_TARGET = 16.6;
				LOCALIZATION_PREFERS_STRING_CATALOGS = YES;
				MTL_ENABLE_DEBUG_INFO = INCLUDE_SOURCE;
				MTL_FAST_MATH = YES;
				ONLY_ACTIVE_ARCH = YES;
				SDKROOT = iphoneos;
				SWIFT_ACTIVE_COMPILATION_CONDITIONS = "DEBUG $(inherited)";
				SWIFT_OPTIMIZATION_LEVEL = "-Onone";
			};
			name = Debug;
		};
		700CA4402DBBF6AB00C8759D /* Release */ = {
			isa = XCBuildConfiguration;
			buildSettings = {
				ALWAYS_SEARCH_USER_PATHS = NO;
				ASSETCATALOG_COMPILER_GENERATE_SWIFT_ASSET_SYMBOL_EXTENSIONS = YES;
				CLANG_ANALYZER_LOCALIZABILITY_NONLOCALIZED = YES;
				CLANG_ANALYZER_NONNULL = YES;
				CLANG_ANALYZER_NUMBER_OBJECT_CONVERSION = YES_AGGRESSIVE;
				CLANG_CXX_LANGUAGE_STANDARD = "gnu++20";
				CLANG_ENABLE_MODULES = YES;
				CLANG_ENABLE_OBJC_ARC = YES;
				CLANG_ENABLE_OBJC_WEAK = YES;
				CLANG_WARN_BLOCK_CAPTURE_AUTORELEASING = YES;
				CLANG_WARN_BOOL_CONVERSION = YES;
				CLANG_WARN_COMMA = YES;
				CLANG_WARN_CONSTANT_CONVERSION = YES;
				CLANG_WARN_DEPRECATED_OBJC_IMPLEMENTATIONS = YES;
				CLANG_WARN_DIRECT_OBJC_ISA_USAGE = YES_ERROR;
				CLANG_WARN_DOCUMENTATION_COMMENTS = YES;
				CLANG_WARN_EMPTY_BODY = YES;
				CLANG_WARN_ENUM_CONVERSION = YES;
				CLANG_WARN_INFINITE_RECURSION = YES;
				CLANG_WARN_INT_CONVERSION = YES;
				CLANG_WARN_NON_LITERAL_NULL_CONVERSION = YES;
				CLANG_WARN_OBJC_IMPLICIT_RETAIN_SELF = YES;
				CLANG_WARN_OBJC_LITERAL_CONVERSION = YES;
				CLANG_WARN_OBJC_ROOT_CLASS = YES_ERROR;
				CLANG_WARN_QUOTED_INCLUDE_IN_FRAMEWORK_HEADER = YES;
				CLANG_WARN_RANGE_LOOP_ANALYSIS = YES;
				CLANG_WARN_STRICT_PROTOTYPES = YES;
				CLANG_WARN_SUSPICIOUS_MOVE = YES;
				CLANG_WARN_UNGUARDED_AVAILABILITY = YES_AGGRESSIVE;
				CLANG_WARN_UNREACHABLE_CODE = YES;
				CLANG_WARN__DUPLICATE_METHOD_MATCH = YES;
				COPY_PHASE_STRIP = NO;
				DEBUG_INFORMATION_FORMAT = "dwarf-with-dsym";
				ENABLE_NS_ASSERTIONS = NO;
				ENABLE_STRICT_OBJC_MSGSEND = YES;
				ENABLE_USER_SCRIPT_SANDBOXING = YES;
				GCC_C_LANGUAGE_STANDARD = gnu17;
				GCC_NO_COMMON_BLOCKS = YES;
				GCC_WARN_64_TO_32_BIT_CONVERSION = YES;
				GCC_WARN_ABOUT_RETURN_TYPE = YES_ERROR;
				GCC_WARN_UNDECLARED_SELECTOR = YES;
				GCC_WARN_UNINITIALIZED_AUTOS = YES_AGGRESSIVE;
				GCC_WARN_UNUSED_FUNCTION = YES;
				GCC_WARN_UNUSED_VARIABLE = YES;
				IPHONEOS_DEPLOYMENT_TARGET = 16.6;
				LOCALIZATION_PREFERS_STRING_CATALOGS = YES;
				MTL_ENABLE_DEBUG_INFO = NO;
				MTL_FAST_MATH = YES;
				SDKROOT = iphoneos;
				SWIFT_COMPILATION_MODE = wholemodule;
				VALIDATE_PRODUCT = YES;
			};
			name = Release;
		};
		7022EAA22DBD595E0099C8D1 /* Debug */ = {
			isa = XCBuildConfiguration;
			buildSettings = {
				BUNDLE_LOADER = "$(TEST_HOST)";
				CODE_SIGN_STYLE = Automatic;
				CURRENT_PROJECT_VERSION = 1;
				DEVELOPMENT_TEAM = ZF77D3H4CR;
				GENERATE_INFOPLIST_FILE = YES;
				IPHONEOS_DEPLOYMENT_TARGET = 18.2;
				MARKETING_VERSION = 1.0;
				PRODUCT_BUNDLE_IDENTIFIER = com.ertan.SismikAppTests;
				PRODUCT_NAME = "$(TARGET_NAME)";
				SWIFT_EMIT_LOC_STRINGS = NO;
				SWIFT_VERSION = 5.0;
				TARGETED_DEVICE_FAMILY = "1,2";
				TEST_HOST = "$(BUILT_PRODUCTS_DIR)/SismikApp.app/$(BUNDLE_EXECUTABLE_FOLDER_PATH)/SismikApp";
			};
			name = Debug;
		};
		7022EAA32DBD595E0099C8D1 /* Release */ = {
			isa = XCBuildConfiguration;
			buildSettings = {
				BUNDLE_LOADER = "$(TEST_HOST)";
				CODE_SIGN_STYLE = Automatic;
				CURRENT_PROJECT_VERSION = 1;
				DEVELOPMENT_TEAM = ZF77D3H4CR;
				GENERATE_INFOPLIST_FILE = YES;
				IPHONEOS_DEPLOYMENT_TARGET = 18.2;
				MARKETING_VERSION = 1.0;
				PRODUCT_BUNDLE_IDENTIFIER = com.ertan.SismikAppTests;
				PRODUCT_NAME = "$(TARGET_NAME)";
				SWIFT_EMIT_LOC_STRINGS = NO;
				SWIFT_VERSION = 5.0;
				TARGETED_DEVICE_FAMILY = "1,2";
				TEST_HOST = "$(BUILT_PRODUCTS_DIR)/SismikApp.app/$(BUNDLE_EXECUTABLE_FOLDER_PATH)/SismikApp";
			};
			name = Release;
		};
/* End XCBuildConfiguration section */

/* Begin XCConfigurationList section */
		700CA4242DBBF6AB00C8759D /* Build configuration list for PBXProject "SismikApp" */ = {
			isa = XCConfigurationList;
			buildConfigurations = (
				700CA43F2DBBF6AB00C8759D /* Debug */,
				700CA4402DBBF6AB00C8759D /* Release */,
			);
			defaultConfigurationIsVisible = 0;
			defaultConfigurationName = Release;
		};
		700CA43C2DBBF6AB00C8759D /* Build configuration list for PBXNativeTarget "SismikApp" */ = {
			isa = XCConfigurationList;
			buildConfigurations = (
				700CA43D2DBBF6AB00C8759D /* Debug */,
				700CA43E2DBBF6AB00C8759D /* Release */,
			);
			defaultConfigurationIsVisible = 0;
			defaultConfigurationName = Release;
		};
		7022EAA12DBD595E0099C8D1 /* Build configuration list for PBXNativeTarget "SismikAppTests" */ = {
			isa = XCConfigurationList;
			buildConfigurations = (
				7022EAA22DBD595E0099C8D1 /* Debug */,
				7022EAA32DBD595E0099C8D1 /* Release */,
			);
			defaultConfigurationIsVisible = 0;
			defaultConfigurationName = Release;
		};
/* End XCConfigurationList section */

/* Begin XCRemoteSwiftPackageReference section */
		70C175F82DEB70A500856824 /* XCRemoteSwiftPackageReference "dotlottie-ios" */ = {
			isa = XCRemoteSwiftPackageReference;
			repositoryURL = "https://github.com/LottieFiles/dotlottie-ios";
			requirement = {
				branch = main;
				kind = branch;
			};
		};
/* End XCRemoteSwiftPackageReference section */

/* Begin XCSwiftPackageProductDependency section */
		70C175F92DEB70A500856824 /* DotLottie */ = {
			isa = XCSwiftPackageProductDependency;
			package = 70C175F82DEB70A500856824 /* XCRemoteSwiftPackageReference "dotlottie-ios" */;
			productName = DotLottie;
		};
/* End XCSwiftPackageProductDependency section */
	};
	rootObject = 700CA4212DBBF6AB00C8759D /* Project object */;
}
