// !$*UTF8*$!
{
	archiveVersion = 1;
	classes = {
	};
	objectVersion = 77;
	objects = {

/* Begin PBXBuildFile section */
		700CA46B2DBBF6F900C8759D /* Assets.xcassets in Resources */ = {isa = PBXBuildFile; fileRef = 700CA4622DBBF6F900C8759D /* Assets.xcassets */; };
		700CA46D2DBBF6F900C8759D /* LaunchScreen.storyboard in Resources */ = {isa = PBXBuildFile; fileRef = 700CA4652DBBF6F900C8759D /* LaunchScreen.storyboard */; };
		700CA4752DBBF70200C8759D /* AppDelegate.swift in Sources */ = {isa = PBXBuildFile; fileRef = 700CA4722DBBF70200C8759D /* AppDelegate.swift */; };
		700CA4762DBBF70200C8759D /* SceneDelegate.swift in Sources */ = {isa = PBXBuildFile; fileRef = 700CA4732DBBF70200C8759D /* SceneDelegate.swift */; };
		700CA47E2DBBF97400C8759D /* EarthquakeFeatureDTO.swift in Sources */ = {isa = PBXBuildFile; fileRef = 700CA47B2DBBF97400C8759D /* EarthquakeFeatureDTO.swift */; };
		7022EA4C2DBD22E40099C8D1 /* EarthquakeResponseDTO.swift in Sources */ = {isa = PBXBuildFile; fileRef = 7022EA4B2DBD22E40099C8D1 /* EarthquakeResponseDTO.swift */; };
		7022EA4E2DBD22ED0099C8D1 /* EarthquakePropertiesDTO.swift in Sources */ = {isa = PBXBuildFile; fileRef = 7022EA4D2DBD22ED0099C8D1 /* EarthquakePropertiesDTO.swift */; };
		7022EA502DBD23100099C8D1 /* EarthquakeGeometryDTO.swift in Sources */ = {isa = PBXBuildFile; fileRef = 7022EA4F2DBD23100099C8D1 /* EarthquakeGeometryDTO.swift */; };
		7022EA5E2DBD27CD0099C8D1 /* Earthquake.swift in Sources */ = {isa = PBXBuildFile; fileRef = 7022EA5C2DBD27CD0099C8D1 /* Earthquake.swift */; };
		7022EA622DBD27F60099C8D1 /* FetchNearbyEarthquakesUseCaseProtocol.swift in Sources */ = {isa = PBXBuildFile; fileRef = 7022EA612DBD27F60099C8D1 /* FetchNearbyEarthquakesUseCaseProtocol.swift */; };
		7022EA6A2DBD2B1D0099C8D1 /* EarthquakeListViewModel.swift in Sources */ = {isa = PBXBuildFile; fileRef = 7022EA682DBD2B1D0099C8D1 /* EarthquakeListViewModel.swift */; };
		7022EA742DBD44700099C8D1 /* DefaultLocationManager.swift in Sources */ = {isa = PBXBuildFile; fileRef = 7022EA722DBD44700099C8D1 /* DefaultLocationManager.swift */; };
		7022EA782DBD44760099C8D1 /* USGSEarthquakeService.swift in Sources */ = {isa = PBXBuildFile; fileRef = 7022EA762DBD44760099C8D1 /* USGSEarthquakeService.swift */; };
		7022EA7A2DBD44800099C8D1 /* Endpoint.swift in Sources */ = {isa = PBXBuildFile; fileRef = 7022EA792DBD44800099C8D1 /* Endpoint.swift */; };
		7022EA822DBD4A5D0099C8D1 /* EarthquakeListCoordinator.swift in Sources */ = {isa = PBXBuildFile; fileRef = 7022EA812DBD4A5D0099C8D1 /* EarthquakeListCoordinator.swift */; };
		7022EA842DBD4BE10099C8D1 /* AppNavigationControllerProvider.swift in Sources */ = {isa = PBXBuildFile; fileRef = 7022EA832DBD4BE10099C8D1 /* AppNavigationControllerProvider.swift */; };
		7022EA862DBD4CA10099C8D1 /* LocationAccessCoordinator.swift in Sources */ = {isa = PBXBuildFile; fileRef = 7022EA852DBD4CA10099C8D1 /* LocationAccessCoordinator.swift */; };
		7022EA8C2DBD4D5F0099C8D1 /* EarthquakeDetailsCoordinator.swift in Sources */ = {isa = PBXBuildFile; fileRef = 7022EA8B2DBD4D5F0099C8D1 /* EarthquakeDetailsCoordinator.swift */; };
		7022EA902DBD512A0099C8D1 /* EarthquakeDetailView.swift in Sources */ = {isa = PBXBuildFile; fileRef = 7022EA8F2DBD512A0099C8D1 /* EarthquakeDetailView.swift */; };
		7022EA922DBD522F0099C8D1 /* Date+Ext.swift in Sources */ = {isa = PBXBuildFile; fileRef = 7022EA912DBD522F0099C8D1 /* Date+Ext.swift */; };
		7022EA942DBD53D00099C8D1 /* EarthquakeDetailViewModel.swift in Sources */ = {isa = PBXBuildFile; fileRef = 7022EA932DBD53D00099C8D1 /* EarthquakeDetailViewModel.swift */; };
		7022EA962DBD55650099C8D1 /* EarthquakeListView.swift in Sources */ = {isa = PBXBuildFile; fileRef = 7022EA952DBD55650099C8D1 /* EarthquakeListView.swift */; };
		7022EAAD2DBD59AD0099C8D1 /* FetchNearbyEarthquakesUseCaseTests.swift in Sources */ = {isa = PBXBuildFile; fileRef = 7022EAA82DBD59AD0099C8D1 /* FetchNearbyEarthquakesUseCaseTests.swift */; };
		7022EAB82DBD5A000099C8D1 /* MockEarthquakeService.swift in Sources */ = {isa = PBXBuildFile; fileRef = 7022EAB62DBD5A000099C8D1 /* MockEarthquakeService.swift */; };
		7022EAC62DBD5E2E0099C8D1 /* MockLocationManager.swift in Sources */ = {isa = PBXBuildFile; fileRef = 7022EAC52DBD5E2E0099C8D1 /* MockLocationManager.swift */; };
		7022EAC82DBD671F0099C8D1 /* LocationManagerProtocol.swift in Sources */ = {isa = PBXBuildFile; fileRef = 7022EAC72DBD671F0099C8D1 /* LocationManagerProtocol.swift */; };
		7022EACA2DBD673A0099C8D1 /* EarthquakeServiceProtocol.swift in Sources */ = {isa = PBXBuildFile; fileRef = 7022EAC92DBD673A0099C8D1 /* EarthquakeServiceProtocol.swift */; };
		7022EACC2DBD67820099C8D1 /* LocationAccessView.swift in Sources */ = {isa = PBXBuildFile; fileRef = 7022EACB2DBD67820099C8D1 /* LocationAccessView.swift */; };
		7022EAD02DBD69540099C8D1 /* EarthquakeRepositoryProtocol.swift in Sources */ = {isa = PBXBuildFile; fileRef = 7022EACF2DBD69540099C8D1 /* EarthquakeRepositoryProtocol.swift */; };
		7022EAD42DBD69B90099C8D1 /* DefaultEarthquakeRepository.swift in Sources */ = {isa = PBXBuildFile; fileRef = 7022EAD32DBD69B90099C8D1 /* DefaultEarthquakeRepository.swift */; };
		7022EAD82DBD6AFA0099C8D1 /* EarthquakeFeatureDTO+Mapping.swift in Sources */ = {isa = PBXBuildFile; fileRef = 7022EAD72DBD6AFA0099C8D1 /* EarthquakeFeatureDTO+Mapping.swift */; };
		7022EADA2DBD6B410099C8D1 /* MockEarthquakeRepository.swift in Sources */ = {isa = PBXBuildFile; fileRef = 7022EAD92DBD6B410099C8D1 /* MockEarthquakeRepository.swift */; };
		7022EADE2DBD6D2E0099C8D1 /* DefaultFetchNearbyEarthquakesUseCase.swift in Sources */ = {isa = PBXBuildFile; fileRef = 7022EADD2DBD6D2E0099C8D1 /* DefaultFetchNearbyEarthquakesUseCase.swift */; };
		70BF513E2DBEE7BD009F1E8D /* Double+Ext.swift in Sources */ = {isa = PBXBuildFile; fileRef = 70BF513D2DBEE7BD009F1E8D /* Double+Ext.swift */; };
/* End PBXBuildFile section */

/* Begin PBXContainerItemProxy section */
		7022EA9F2DBD595E0099C8D1 /* PBXContainerItemProxy */ = {
			isa = PBXContainerItemProxy;
			containerPortal = 700CA4212DBBF6AB00C8759D /* Project object */;
			proxyType = 1;
			remoteGlobalIDString = 700CA4282DBBF6AB00C8759D;
			remoteInfo = SismikApp;
		};
/* End PBXContainerItemProxy section */

/* Begin PBXFileReference section */
		700CA4292DBBF6AB00C8759D /* SismikApp.app */ = {isa = PBXFileReference; explicitFileType = wrapper.application; includeInIndex = 0; path = SismikApp.app; sourceTree = BUILT_PRODUCTS_DIR; };
		700CA4622DBBF6F900C8759D /* Assets.xcassets */ = {isa = PBXFileReference; lastKnownFileType = folder.assetcatalog; path = Assets.xcassets; sourceTree = "<group>"; };
		700CA4632DBBF6F900C8759D /* Info.plist */ = {isa = PBXFileReference; lastKnownFileType = text.plist.xml; path = Info.plist; sourceTree = "<group>"; };
		700CA4642DBBF6F900C8759D /* Base */ = {isa = PBXFileReference; lastKnownFileType = file.storyboard; name = Base; path = Base.lproj/LaunchScreen.storyboard; sourceTree = "<group>"; };
		700CA4722DBBF70200C8759D /* AppDelegate.swift */ = {isa = PBXFileReference; lastKnownFileType = sourcecode.swift; path = AppDelegate.swift; sourceTree = "<group>"; };
		700CA4732DBBF70200C8759D /* SceneDelegate.swift */ = {isa = PBXFileReference; lastKnownFileType = sourcecode.swift; path = SceneDelegate.swift; sourceTree = "<group>"; };
		700CA47B2DBBF97400C8759D /* EarthquakeFeatureDTO.swift */ = {isa = PBXFileReference; lastKnownFileType = sourcecode.swift; path = EarthquakeFeatureDTO.swift; sourceTree = "<group>"; };
		7022EA4B2DBD22E40099C8D1 /* EarthquakeResponseDTO.swift */ = {isa = PBXFileReference; lastKnownFileType = sourcecode.swift; path = EarthquakeResponseDTO.swift; sourceTree = "<group>"; };
		7022EA4D2DBD22ED0099C8D1 /* EarthquakePropertiesDTO.swift */ = {isa = PBXFileReference; lastKnownFileType = sourcecode.swift; path = EarthquakePropertiesDTO.swift; sourceTree = "<group>"; };
		7022EA4F2DBD23100099C8D1 /* EarthquakeGeometryDTO.swift */ = {isa = PBXFileReference; lastKnownFileType = sourcecode.swift; path = EarthquakeGeometryDTO.swift; sourceTree = "<group>"; };
		7022EA5C2DBD27CD0099C8D1 /* Earthquake.swift */ = {isa = PBXFileReference; lastKnownFileType = sourcecode.swift; path = Earthquake.swift; sourceTree = "<group>"; };
		7022EA612DBD27F60099C8D1 /* FetchNearbyEarthquakesUseCaseProtocol.swift */ = {isa = PBXFileReference; lastKnownFileType = sourcecode.swift; path = FetchNearbyEarthquakesUseCaseProtocol.swift; sourceTree = "<group>"; };
		7022EA682DBD2B1D0099C8D1 /* EarthquakeListViewModel.swift */ = {isa = PBXFileReference; lastKnownFileType = sourcecode.swift; path = EarthquakeListViewModel.swift; sourceTree = "<group>"; };
		7022EA722DBD44700099C8D1 /* DefaultLocationManager.swift */ = {isa = PBXFileReference; lastKnownFileType = sourcecode.swift; path = DefaultLocationManager.swift; sourceTree = "<group>"; };
		7022EA762DBD44760099C8D1 /* USGSEarthquakeService.swift */ = {isa = PBXFileReference; lastKnownFileType = sourcecode.swift; path = USGSEarthquakeService.swift; sourceTree = "<group>"; };
		7022EA792DBD44800099C8D1 /* Endpoint.swift */ = {isa = PBXFileReference; lastKnownFileType = sourcecode.swift; path = Endpoint.swift; sourceTree = "<group>"; };
		7022EA812DBD4A5D0099C8D1 /* EarthquakeListCoordinator.swift */ = {isa = PBXFileReference; lastKnownFileType = sourcecode.swift; path = EarthquakeListCoordinator.swift; sourceTree = "<group>"; };
		7022EA832DBD4BE10099C8D1 /* AppNavigationControllerProvider.swift */ = {isa = PBXFileReference; lastKnownFileType = sourcecode.swift; path = AppNavigationControllerProvider.swift; sourceTree = "<group>"; };
		7022EA852DBD4CA10099C8D1 /* LocationAccessCoordinator.swift */ = {isa = PBXFileReference; lastKnownFileType = sourcecode.swift; path = LocationAccessCoordinator.swift; sourceTree = "<group>"; };
		7022EA8B2DBD4D5F0099C8D1 /* EarthquakeDetailsCoordinator.swift */ = {isa = PBXFileReference; lastKnownFileType = sourcecode.swift; path = EarthquakeDetailsCoordinator.swift; sourceTree = "<group>"; };
		7022EA8F2DBD512A0099C8D1 /* EarthquakeDetailView.swift */ = {isa = PBXFileReference; lastKnownFileType = sourcecode.swift; path = EarthquakeDetailView.swift; sourceTree = "<group>"; };
		7022EA912DBD522F0099C8D1 /* Date+Ext.swift */ = {isa = PBXFileReference; lastKnownFileType = sourcecode.swift; path = "Date+Ext.swift"; sourceTree = "<group>"; };
		7022EA932DBD53D00099C8D1 /* EarthquakeDetailViewModel.swift */ = {isa = PBXFileReference; lastKnownFileType = sourcecode.swift; path = EarthquakeDetailViewModel.swift; sourceTree = "<group>"; };
		7022EA952DBD55650099C8D1 /* EarthquakeListView.swift */ = {isa = PBXFileReference; lastKnownFileType = sourcecode.swift; path = EarthquakeListView.swift; sourceTree = "<group>"; };
		7022EA9B2DBD595E0099C8D1 /* SismikAppTests.xctest */ = {isa = PBXFileReference; explicitFileType = wrapper.cfbundle; includeInIndex = 0; path = SismikAppTests.xctest; sourceTree = BUILT_PRODUCTS_DIR; };
		7022EAA82DBD59AD0099C8D1 /* FetchNearbyEarthquakesUseCaseTests.swift */ = {isa = PBXFileReference; lastKnownFileType = sourcecode.swift; path = FetchNearbyEarthquakesUseCaseTests.swift; sourceTree = "<group>"; };
		7022EAB62DBD5A000099C8D1 /* MockEarthquakeService.swift */ = {isa = PBXFileReference; lastKnownFileType = sourcecode.swift; path = MockEarthquakeService.swift; sourceTree = "<group>"; };
		7022EAC52DBD5E2E0099C8D1 /* MockLocationManager.swift */ = {isa = PBXFileReference; lastKnownFileType = sourcecode.swift; path = MockLocationManager.swift; sourceTree = "<group>"; };
		7022EAC72DBD671F0099C8D1 /* LocationManagerProtocol.swift */ = {isa = PBXFileReference; lastKnownFileType = sourcecode.swift; path = LocationManagerProtocol.swift; sourceTree = "<group>"; };
		7022EAC92DBD673A0099C8D1 /* EarthquakeServiceProtocol.swift */ = {isa = PBXFileReference; lastKnownFileType = sourcecode.swift; path = EarthquakeServiceProtocol.swift; sourceTree = "<group>"; };
		7022EACB2DBD67820099C8D1 /* LocationAccessView.swift */ = {isa = PBXFileReference; lastKnownFileType = sourcecode.swift; path = LocationAccessView.swift; sourceTree = "<group>"; };
		7022EACF2DBD69540099C8D1 /* EarthquakeRepositoryProtocol.swift */ = {isa = PBXFileReference; lastKnownFileType = sourcecode.swift; path = EarthquakeRepositoryProtocol.swift; sourceTree = "<group>"; };
		7022EAD32DBD69B90099C8D1 /* DefaultEarthquakeRepository.swift */ = {isa = PBXFileReference; lastKnownFileType = sourcecode.swift; path = DefaultEarthquakeRepository.swift; sourceTree = "<group>"; };
		7022EAD72DBD6AFA0099C8D1 /* EarthquakeFeatureDTO+Mapping.swift */ = {isa = PBXFileReference; lastKnownFileType = sourcecode.swift; path = "EarthquakeFeatureDTO+Mapping.swift"; sourceTree = "<group>"; };
		7022EAD92DBD6B410099C8D1 /* MockEarthquakeRepository.swift */ = {isa = PBXFileReference; lastKnownFileType = sourcecode.swift; path = MockEarthquakeRepository.swift; sourceTree = "<group>"; };
		7022EADD2DBD6D2E0099C8D1 /* DefaultFetchNearbyEarthquakesUseCase.swift */ = {isa = PBXFileReference; lastKnownFileType = sourcecode.swift; path = DefaultFetchNearbyEarthquakesUseCase.swift; sourceTree = "<group>"; };
		70BF513D2DBEE7BD009F1E8D /* Double+Ext.swift */ = {isa = PBXFileReference; lastKnownFileType = sourcecode.swift; path = "Double+Ext.swift"; sourceTree = "<group>"; };
/* End PBXFileReference section */

/* Begin PBXFrameworksBuildPhase section */
		700CA4262DBBF6AB00C8759D /* Frameworks */ = {
			isa = PBXFrameworksBuildPhase;
			buildActionMask = 2147483647;
			files = (
			);
			runOnlyForDeploymentPostprocessing = 0;
		};
		7022EA982DBD595E0099C8D1 /* Frameworks */ = {
			isa = PBXFrameworksBuildPhase;
			buildActionMask = 2147483647;
			files = (
			);
			runOnlyForDeploymentPostprocessing = 0;
		};
/* End PBXFrameworksBuildPhase section */

/* Begin PBXGroup section */
		700CA4202DBBF6AB00C8759D = {
			isa = PBXGroup;
			children = (
				700CA46A2DBBF6F900C8759D /* SismikApp */,
				7022EAAC2DBD59AD0099C8D1 /* SismikAppTests */,
				700CA42A2DBBF6AB00C8759D /* Products */,
			);
			sourceTree = "<group>";
		};
		700CA42A2DBBF6AB00C8759D /* Products */ = {
			isa = PBXGroup;
			children = (
				700CA4292DBBF6AB00C8759D /* SismikApp.app */,
				7022EA9B2DBD595E0099C8D1 /* SismikAppTests.xctest */,
			);
			name = Products;
			sourceTree = "<group>";
		};
		700CA4662DBBF6F900C8759D /* Supporting */ = {
			isa = PBXGroup;
			children = (
				700CA4622DBBF6F900C8759D /* Assets.xcassets */,
				700CA4632DBBF6F900C8759D /* Info.plist */,
				700CA4652DBBF6F900C8759D /* LaunchScreen.storyboard */,
			);
			path = Supporting;
			sourceTree = "<group>";
		};
		700CA46A2DBBF6F900C8759D /* SismikApp */ = {
			isa = PBXGroup;
			children = (
				700CA4742DBBF70200C8759D /* App */,
				700CA48E2DBBFC9B00C8759D /* Utilities */,
				7022EA552DBD23DC0099C8D1 /* Core */,
				700CA47D2DBBF97400C8759D /* Data */,
				7022EA592DBD261C0099C8D1 /* Domain */,
				700CA4992DBBFE2200C8759D /* Presentation */,
				700CA4662DBBF6F900C8759D /* Supporting */,
			);
			path = SismikApp;
			sourceTree = "<group>";
		};
		700CA4742DBBF70200C8759D /* App */ = {
			isa = PBXGroup;
			children = (
				700CA4722DBBF70200C8759D /* AppDelegate.swift */,
				700CA4732DBBF70200C8759D /* SceneDelegate.swift */,
				7022EA832DBD4BE10099C8D1 /* AppNavigationControllerProvider.swift */,
			);
			path = App;
			sourceTree = "<group>";
		};
		700CA47C2DBBF97400C8759D /* DTOs */ = {
			isa = PBXGroup;
			children = (
				7022EA4B2DBD22E40099C8D1 /* EarthquakeResponseDTO.swift */,
				700CA47B2DBBF97400C8759D /* EarthquakeFeatureDTO.swift */,
				7022EA4D2DBD22ED0099C8D1 /* EarthquakePropertiesDTO.swift */,
				7022EA4F2DBD23100099C8D1 /* EarthquakeGeometryDTO.swift */,
			);
			path = DTOs;
			sourceTree = "<group>";
		};
		700CA47D2DBBF97400C8759D /* Data */ = {
			isa = PBXGroup;
			children = (
				700CA47C2DBBF97400C8759D /* DTOs */,
				7022EAD62DBD6AE20099C8D1 /* Mappers */,
				7022EAD22DBD69B00099C8D1 /* RepositoryImpl */,
			);
			path = Data;
			sourceTree = "<group>";
		};
		700CA48E2DBBFC9B00C8759D /* Utilities */ = {
			isa = PBXGroup;
			children = (
				700CA4942DBBFCA200C8759D /* Extensions */,
			);
			path = Utilities;
			sourceTree = "<group>";
		};
		700CA4942DBBFCA200C8759D /* Extensions */ = {
			isa = PBXGroup;
			children = (
				7022EA912DBD522F0099C8D1 /* Date+Ext.swift */,
				70BF513D2DBEE7BD009F1E8D /* Double+Ext.swift */,
			);
			path = Extensions;
			sourceTree = "<group>";
		};
		700CA4992DBBFE2200C8759D /* Presentation */ = {
			isa = PBXGroup;
			children = (
				7022EA6E2DBD3F300099C8D1 /* LocationAccess */,
				7022EA692DBD2B1D0099C8D1 /* EarthquakeList */,
				7022EA8A2DBD4D590099C8D1 /* EarthquakeDetail */,
			);
			path = Presentation;
			sourceTree = "<group>";
		};
		7022EA552DBD23DC0099C8D1 /* Core */ = {
			isa = PBXGroup;
			children = (
				7022EA772DBD44760099C8D1 /* Network */,
				7022EA732DBD44700099C8D1 /* Location */,
			);
			path = Core;
			sourceTree = "<group>";
		};
		7022EA592DBD261C0099C8D1 /* Domain */ = {
			isa = PBXGroup;
			children = (
				7022EA5D2DBD27CD0099C8D1 /* Entities */,
				7022EACE2DBD69480099C8D1 /* Repositories */,
				7022EA602DBD27DF0099C8D1 /* UseCases */,
			);
			path = Domain;
			sourceTree = "<group>";
		};
		7022EA5D2DBD27CD0099C8D1 /* Entities */ = {
			isa = PBXGroup;
			children = (
				7022EA5C2DBD27CD0099C8D1 /* Earthquake.swift */,
			);
			path = Entities;
			sourceTree = "<group>";
		};
		7022EA602DBD27DF0099C8D1 /* UseCases */ = {
			isa = PBXGroup;
			children = (
				7022EA612DBD27F60099C8D1 /* FetchNearbyEarthquakesUseCaseProtocol.swift */,
				7022EADD2DBD6D2E0099C8D1 /* DefaultFetchNearbyEarthquakesUseCase.swift */,
			);
			path = UseCases;
			sourceTree = "<group>";
		};
		7022EA692DBD2B1D0099C8D1 /* EarthquakeList */ = {
			isa = PBXGroup;
			children = (
				7022EA682DBD2B1D0099C8D1 /* EarthquakeListViewModel.swift */,
				7022EA812DBD4A5D0099C8D1 /* EarthquakeListCoordinator.swift */,
				7022EA952DBD55650099C8D1 /* EarthquakeListView.swift */,
			);
			path = EarthquakeList;
			sourceTree = "<group>";
		};
		7022EA6E2DBD3F300099C8D1 /* LocationAccess */ = {
			isa = PBXGroup;
			children = (
				7022EA852DBD4CA10099C8D1 /* LocationAccessCoordinator.swift */,
				7022EACB2DBD67820099C8D1 /* LocationAccessView.swift */,
			);
			path = LocationAccess;
			sourceTree = "<group>";
		};
		7022EA732DBD44700099C8D1 /* Location */ = {
			isa = PBXGroup;
			children = (
				7022EA722DBD44700099C8D1 /* DefaultLocationManager.swift */,
				7022EAC72DBD671F0099C8D1 /* LocationManagerProtocol.swift */,
			);
			path = Location;
			sourceTree = "<group>";
		};
		7022EA772DBD44760099C8D1 /* Network */ = {
			isa = PBXGroup;
			children = (
				7022EA792DBD44800099C8D1 /* Endpoint.swift */,
				7022EA762DBD44760099C8D1 /* USGSEarthquakeService.swift */,
				7022EAC92DBD673A0099C8D1 /* EarthquakeServiceProtocol.swift */,
			);
			path = Network;
			sourceTree = "<group>";
		};
		7022EA8A2DBD4D590099C8D1 /* EarthquakeDetail */ = {
			isa = PBXGroup;
			children = (
				7022EA8B2DBD4D5F0099C8D1 /* EarthquakeDetailsCoordinator.swift */,
				7022EA8F2DBD512A0099C8D1 /* EarthquakeDetailView.swift */,
				7022EA932DBD53D00099C8D1 /* EarthquakeDetailViewModel.swift */,
			);
			path = EarthquakeDetail;
			sourceTree = "<group>";
		};
		7022EAA92DBD59AD0099C8D1 /* UseCases */ = {
			isa = PBXGroup;
			children = (
				7022EAA82DBD59AD0099C8D1 /* FetchNearbyEarthquakesUseCaseTests.swift */,
			);
			path = UseCases;
			sourceTree = "<group>";
		};
		7022EAAA2DBD59AD0099C8D1 /* Domain */ = {
			isa = PBXGroup;
			children = (
				7022EAA92DBD59AD0099C8D1 /* UseCases */,
			);
			path = Domain;
			sourceTree = "<group>";
		};
		7022EAAC2DBD59AD0099C8D1 /* SismikAppTests */ = {
			isa = PBXGroup;
			children = (
				7022EAB22DBD59D30099C8D1 /* Core */,
				7022EAAA2DBD59AD0099C8D1 /* Domain */,
				7022EABC2DBD5CB20099C8D1 /* Presentation */,
				7022EAB72DBD5A000099C8D1 /* Helpers */,
			);
			path = SismikAppTests;
			sourceTree = "<group>";
		};
		7022EAB12DBD59D30099C8D1 /* Network */ = {
			isa = PBXGroup;
			children = (
			);
			path = Network;
			sourceTree = "<group>";
		};
		7022EAB22DBD59D30099C8D1 /* Core */ = {
			isa = PBXGroup;
			children = (
				7022EAB12DBD59D30099C8D1 /* Network */,
			);
			path = Core;
			sourceTree = "<group>";
		};
		7022EAB72DBD5A000099C8D1 /* Helpers */ = {
			isa = PBXGroup;
			children = (
				7022EAD92DBD6B410099C8D1 /* MockEarthquakeRepository.swift */,
				7022EAB62DBD5A000099C8D1 /* MockEarthquakeService.swift */,
				7022EAC52DBD5E2E0099C8D1 /* MockLocationManager.swift */,
			);
			path = Helpers;
			sourceTree = "<group>";
		};
		7022EABB2DBD5CB20099C8D1 /* EarthquakeList */ = {
			isa = PBXGroup;
			children = (
			);
			path = EarthquakeList;
			sourceTree = "<group>";
		};
		7022EABC2DBD5CB20099C8D1 /* Presentation */ = {
			isa = PBXGroup;
			children = (
				7022EAC32DBD5CD40099C8D1 /* EarthquakeDetail */,
				7022EABB2DBD5CB20099C8D1 /* EarthquakeList */,
			);
			path = Presentation;
			sourceTree = "<group>";
		};
		7022EAC32DBD5CD40099C8D1 /* EarthquakeDetail */ = {
			isa = PBXGroup;
			children = (
			);
			path = EarthquakeDetail;
			sourceTree = "<group>";
		};
		7022EACE2DBD69480099C8D1 /* Repositories */ = {
			isa = PBXGroup;
			children = (
				7022EACF2DBD69540099C8D1 /* EarthquakeRepositoryProtocol.swift */,
			);
			path = Repositories;
			sourceTree = "<group>";
		};
		7022EAD22DBD69B00099C8D1 /* RepositoryImpl */ = {
			isa = PBXGroup;
			children = (
				7022EAD32DBD69B90099C8D1 /* DefaultEarthquakeRepository.swift */,
			);
			path = RepositoryImpl;
			sourceTree = "<group>";
		};
		7022EAD62DBD6AE20099C8D1 /* Mappers */ = {
			isa = PBXGroup;
			children = (
				7022EAD72DBD6AFA0099C8D1 /* EarthquakeFeatureDTO+Mapping.swift */,
			);
			path = Mappers;
			sourceTree = "<group>";
		};
/* End PBXGroup section */

/* Begin PBXNativeTarget section */
		700CA4282DBBF6AB00C8759D /* SismikApp */ = {
			isa = PBXNativeTarget;
			buildConfigurationList = 700CA43C2DBBF6AB00C8759D /* Build configuration list for PBXNativeTarget "SismikApp" */;
			buildPhases = (
				700CA4252DBBF6AB00C8759D /* Sources */,
				700CA4262DBBF6AB00C8759D /* Frameworks */,
				700CA4272DBBF6AB00C8759D /* Resources */,
			);
			buildRules = (
			);
			dependencies = (
			);
			name = SismikApp;
			packageProductDependencies = (
			);
			productName = SismikApp;
			productReference = 700CA4292DBBF6AB00C8759D /* SismikApp.app */;
			productType = "com.apple.product-type.application";
		};
		7022EA9A2DBD595E0099C8D1 /* SismikAppTests */ = {
			isa = PBXNativeTarget;
			buildConfigurationList = 7022EAA12DBD595E0099C8D1 /* Build configuration list for PBXNativeTarget "SismikAppTests" */;
			buildPhases = (
				7022EA972DBD595E0099C8D1 /* Sources */,
				7022EA982DBD595E0099C8D1 /* Frameworks */,
				7022EA992DBD595E0099C8D1 /* Resources */,
			);
			buildRules = (
			);
			dependencies = (
				7022EAA02DBD595E0099C8D1 /* PBXTargetDependency */,
			);
			name = SismikAppTests;
			packageProductDependencies = (
			);
			productName = SismikAppTests;
			productReference = 7022EA9B2DBD595E0099C8D1 /* SismikAppTests.xctest */;
			productType = "com.apple.product-type.bundle.unit-test";
		};
/* End PBXNativeTarget section */

/* Begin PBXProject section */
		700CA4212DBBF6AB00C8759D /* Project object */ = {
			isa = PBXProject;
			attributes = {
				BuildIndependentTargetsInParallel = 1;
				LastSwiftUpdateCheck = 1620;
				LastUpgradeCheck = 1620;
				TargetAttributes = {
					700CA4282DBBF6AB00C8759D = {
						CreatedOnToolsVersion = 16.2;
					};
					7022EA9A2DBD595E0099C8D1 = {
						CreatedOnToolsVersion = 16.2;
						TestTargetID = 700CA4282DBBF6AB00C8759D;
					};
				};
			};
			buildConfigurationList = 700CA4242DBBF6AB00C8759D /* Build configuration list for PBXProject "SismikApp" */;
			developmentRegion = en;
			hasScannedForEncodings = 0;
			knownRegions = (
				en,
				Base,
			);
			mainGroup = 700CA4202DBBF6AB00C8759D;
			minimizedProjectReferenceProxies = 1;
			preferredProjectObjectVersion = 77;
			productRefGroup = 700CA42A2DBBF6AB00C8759D /* Products */;
			projectDirPath = "";
			projectRoot = "";
			targets = (
				700CA4282DBBF6AB00C8759D /* SismikApp */,
				7022EA9A2DBD595E0099C8D1 /* SismikAppTests */,
			);
		};
/* End PBXProject section */

/* Begin PBXResourcesBuildPhase section */
		700CA4272DBBF6AB00C8759D /* Resources */ = {
			isa = PBXResourcesBuildPhase;
			buildActionMask = 2147483647;
			files = (
				700CA46B2DBBF6F900C8759D /* Assets.xcassets in Resources */,
				700CA46D2DBBF6F900C8759D /* LaunchScreen.storyboard in Resources */,
			);
			runOnlyForDeploymentPostprocessing = 0;
		};
		7022EA992DBD595E0099C8D1 /* Resources */ = {
			isa = PBXResourcesBuildPhase;
			buildActionMask = 2147483647;
			files = (
			);
			runOnlyForDeploymentPostprocessing = 0;
		};
/* End PBXResourcesBuildPhase section */

/* Begin PBXSourcesBuildPhase section */
		700CA4252DBBF6AB00C8759D /* Sources */ = {
			isa = PBXSourcesBuildPhase;
			buildActionMask = 2147483647;
			files = (
				7022EACA2DBD673A0099C8D1 /* EarthquakeServiceProtocol.swift in Sources */,
				7022EA862DBD4CA10099C8D1 /* LocationAccessCoordinator.swift in Sources */,
				7022EAD02DBD69540099C8D1 /* EarthquakeRepositoryProtocol.swift in Sources */,
				7022EAD42DBD69B90099C8D1 /* DefaultEarthquakeRepository.swift in Sources */,
				7022EA842DBD4BE10099C8D1 /* AppNavigationControllerProvider.swift in Sources */,
				7022EA8C2DBD4D5F0099C8D1 /* EarthquakeDetailsCoordinator.swift in Sources */,
				7022EA7A2DBD44800099C8D1 /* Endpoint.swift in Sources */,
				7022EA5E2DBD27CD0099C8D1 /* Earthquake.swift in Sources */,
				7022EA902DBD512A0099C8D1 /* EarthquakeDetailView.swift in Sources */,
				70BF513E2DBEE7BD009F1E8D /* Double+Ext.swift in Sources */,
				7022EA822DBD4A5D0099C8D1 /* EarthquakeListCoordinator.swift in Sources */,
				700CA47E2DBBF97400C8759D /* EarthquakeFeatureDTO.swift in Sources */,
				7022EACC2DBD67820099C8D1 /* LocationAccessView.swift in Sources */,
				7022EA942DBD53D00099C8D1 /* EarthquakeDetailViewModel.swift in Sources */,
				7022EA622DBD27F60099C8D1 /* FetchNearbyEarthquakesUseCaseProtocol.swift in Sources */,
				7022EA4E2DBD22ED0099C8D1 /* EarthquakePropertiesDTO.swift in Sources */,
				700CA4752DBBF70200C8759D /* AppDelegate.swift in Sources */,
				7022EA6A2DBD2B1D0099C8D1 /* EarthquakeListViewModel.swift in Sources */,
				7022EAC82DBD671F0099C8D1 /* LocationManagerProtocol.swift in Sources */,
				700CA4762DBBF70200C8759D /* SceneDelegate.swift in Sources */,
				7022EA922DBD522F0099C8D1 /* Date+Ext.swift in Sources */,
				7022EA502DBD23100099C8D1 /* EarthquakeGeometryDTO.swift in Sources */,
				7022EA782DBD44760099C8D1 /* USGSEarthquakeService.swift in Sources */,
				7022EA962DBD55650099C8D1 /* EarthquakeListView.swift in Sources */,
				7022EAD82DBD6AFA0099C8D1 /* EarthquakeFeatureDTO+Mapping.swift in Sources */,
				7022EA4C2DBD22E40099C8D1 /* EarthquakeResponseDTO.swift in Sources */,
				7022EA742DBD44700099C8D1 /* DefaultLocationManager.swift in Sources */,
				7022EADE2DBD6D2E0099C8D1 /* DefaultFetchNearbyEarthquakesUseCase.swift in Sources */,
			);
			runOnlyForDeploymentPostprocessing = 0;
		};
		7022EA972DBD595E0099C8D1 /* Sources */ = {
			isa = PBXSourcesBuildPhase;
			buildActionMask = 2147483647;
			files = (
				7022EAC62DBD5E2E0099C8D1 /* MockLocationManager.swift in Sources */,
				7022EAB82DBD5A000099C8D1 /* MockEarthquakeService.swift in Sources */,
				7022EAAD2DBD59AD0099C8D1 /* FetchNearbyEarthquakesUseCaseTests.swift in Sources */,
				7022EADA2DBD6B410099C8D1 /* MockEarthquakeRepository.swift in Sources */,
			);
			runOnlyForDeploymentPostprocessing = 0;
		};
/* End PBXSourcesBuildPhase section */

/* Begin PBXTargetDependency section */
		7022EAA02DBD595E0099C8D1 /* PBXTargetDependency */ = {
			isa = PBXTargetDependency;
			target = 700CA4282DBBF6AB00C8759D /* SismikApp */;
			targetProxy = 7022EA9F2DBD595E0099C8D1 /* PBXContainerItemProxy */;
		};
/* End PBXTargetDependency section */

/* Begin PBXVariantGroup section */
		700CA4652DBBF6F900C8759D /* LaunchScreen.storyboard */ = {
			isa = PBXVariantGroup;
			children = (
				700CA4642DBBF6F900C8759D /* Base */,
			);
			name = LaunchScreen.storyboard;
			sourceTree = "<group>";
		};
/* End PBXVariantGroup section */

/* Begin XCBuildConfiguration section */
		700CA43D2DBBF6AB00C8759D /* Debug */ = {
			isa = XCBuildConfiguration;
			buildSettings = {
				ASSETCATALOG_COMPILER_APPICON_NAME = AppIcon;
				ASSETCATALOG_COMPILER_GLOBAL_ACCENT_COLOR_NAME = AccentColor;
				CODE_SIGN_STYLE = Automatic;
				CURRENT_PROJECT_VERSION = 1;
				DEVELOPMENT_TEAM = 8WMXKK3LQU;
				GENERATE_INFOPLIST_FILE = YES;
				INFOPLIST_FILE = SismikApp/Supporting/Info.plist;
				INFOPLIST_KEY_NSLocationWhenInUseUsageDescription = "This app needs your location to show nearby earthquakes.";
				INFOPLIST_KEY_UIApplicationSupportsIndirectInputEvents = YES;
				INFOPLIST_KEY_UILaunchStoryboardName = LaunchScreen;
				INFOPLIST_KEY_UIMainStoryboardFile = "";
				INFOPLIST_KEY_UISupportedInterfaceOrientations = UIInterfaceOrientationPortrait;
				INFOPLIST_KEY_UISupportedInterfaceOrientations_iPad = "UIInterfaceOrientationLandscapeLeft UIInterfaceOrientationLandscapeRight UIInterfaceOrientationPortrait UIInterfaceOrientationPortraitUpsideDown";
				IPHONEOS_DEPLOYMENT_TARGET = 16.6;
				LD_RUNPATH_SEARCH_PATHS = (
					"$(inherited)",
					"@executable_path/Frameworks",
				);
				MARKETING_VERSION = 1.0;
				PRODUCT_BUNDLE_IDENTIFIER = com.ertan.SismikApp;
				PRODUCT_NAME = "$(TARGET_NAME)";
				SUPPORTED_PLATFORMS = "iphoneos iphonesimulator";
				SUPPORTS_MACCATALYST = NO;
				SUPPORTS_MAC_DESIGNED_FOR_IPHONE_IPAD = NO;
				SUPPORTS_XR_DESIGNED_FOR_IPHONE_IPAD = NO;
				SWIFT_EMIT_LOC_STRINGS = YES;
				SWIFT_VERSION = 5.0;
				TARGETED_DEVICE_FAMILY = 1;
			};
			name = Debug;
		};
		700CA43E2DBBF6AB00C8759D /* Release */ = {
			isa = XCBuildConfiguration;
			buildSettings = {
				ASSETCATALOG_COMPILER_APPICON_NAME = AppIcon;
				ASSETCATALOG_COMPILER_GLOBAL_ACCENT_COLOR_NAME = AccentColor;
				CODE_SIGN_STYLE = Automatic;
				CURRENT_PROJECT_VERSION = 1;
				DEVELOPMENT_TEAM = 8WMXKK3LQU;
				GENERATE_INFOPLIST_FILE = YES;
				INFOPLIST_FILE = SismikApp/Supporting/Info.plist;
				INFOPLIST_KEY_NSLocationWhenInUseUsageDescription = "This app needs your location to show nearby earthquakes.";
				INFOPLIST_KEY_UIApplicationSupportsIndirectInputEvents = YES;
				INFOPLIST_KEY_UILaunchStoryboardName = LaunchScreen;
				INFOPLIST_KEY_UIMainStoryboardFile = "";
				INFOPLIST_KEY_UISupportedInterfaceOrientations = UIInterfaceOrientationPortrait;
				INFOPLIST_KEY_UISupportedInterfaceOrientations_iPad = "UIInterfaceOrientationLandscapeLeft UIInterfaceOrientationLandscapeRight UIInterfaceOrientationPortrait UIInterfaceOrientationPortraitUpsideDown";
				IPHONEOS_DEPLOYMENT_TARGET = 16.6;
				LD_RUNPATH_SEARCH_PATHS = (
					"$(inherited)",
					"@executable_path/Frameworks",
				);
				MARKETING_VERSION = 1.0;
				PRODUCT_BUNDLE_IDENTIFIER = com.ertan.SismikApp;
				PRODUCT_NAME = "$(TARGET_NAME)";
				SUPPORTED_PLATFORMS = "iphoneos iphonesimulator";
				SUPPORTS_MACCATALYST = NO;
				SUPPORTS_MAC_DESIGNED_FOR_IPHONE_IPAD = NO;
				SUPPORTS_XR_DESIGNED_FOR_IPHONE_IPAD = NO;
				SWIFT_EMIT_LOC_STRINGS = YES;
				SWIFT_VERSION = 5.0;
				TARGETED_DEVICE_FAMILY = 1;
			};
			name = Release;
		};
		700CA43F2DBBF6AB00C8759D /* Debug */ = {
			isa = XCBuildConfiguration;
			buildSettings = {
				ALWAYS_SEARCH_USER_PATHS = NO;
				ASSETCATALOG_COMPILER_GENERATE_SWIFT_ASSET_SYMBOL_EXTENSIONS = YES;
				CLANG_ANALYZER_NONNULL = YES;
				CLANG_ANALYZER_NUMBER_OBJECT_CONVERSION = YES_AGGRESSIVE;
				CLANG_CXX_LANGUAGE_STANDARD = "gnu++20";
				CLANG_ENABLE_MODULES = YES;
				CLANG_ENABLE_OBJC_ARC = YES;
				CLANG_ENABLE_OBJC_WEAK = YES;
				CLANG_WARN_BLOCK_CAPTURE_AUTORELEASING = YES;
				CLANG_WARN_BOOL_CONVERSION = YES;
				CLANG_WARN_COMMA = YES;
				CLANG_WARN_CONSTANT_CONVERSION = YES;
				CLANG_WARN_DEPRECATED_OBJC_IMPLEMENTATIONS = YES;
				CLANG_WARN_DIRECT_OBJC_ISA_USAGE = YES_ERROR;
				CLANG_WARN_DOCUMENTATION_COMMENTS = YES;
				CLANG_WARN_EMPTY_BODY = YES;
				CLANG_WARN_ENUM_CONVERSION = YES;
				CLANG_WARN_INFINITE_RECURSION = YES;
				CLANG_WARN_INT_CONVERSION = YES;
				CLANG_WARN_NON_LITERAL_NULL_CONVERSION = YES;
				CLANG_WARN_OBJC_IMPLICIT_RETAIN_SELF = YES;
				CLANG_WARN_OBJC_LITERAL_CONVERSION = YES;
				CLANG_WARN_OBJC_ROOT_CLASS = YES_ERROR;
				CLANG_WARN_QUOTED_INCLUDE_IN_FRAMEWORK_HEADER = YES;
				CLANG_WARN_RANGE_LOOP_ANALYSIS = YES;
				CLANG_WARN_STRICT_PROTOTYPES = YES;
				CLANG_WARN_SUSPICIOUS_MOVE = YES;
				CLANG_WARN_UNGUARDED_AVAILABILITY = YES_AGGRESSIVE;
				CLANG_WARN_UNREACHABLE_CODE = YES;
				CLANG_WARN__DUPLICATE_METHOD_MATCH = YES;
				COPY_PHASE_STRIP = NO;
				DEBUG_INFORMATION_FORMAT = dwarf;
				ENABLE_STRICT_OBJC_MSGSEND = YES;
				ENABLE_TESTABILITY = YES;
				ENABLE_USER_SCRIPT_SANDBOXING = YES;
				GCC_C_LANGUAGE_STANDARD = gnu17;
				GCC_DYNAMIC_NO_PIC = NO;
				GCC_NO_COMMON_BLOCKS = YES;
				GCC_OPTIMIZATION_LEVEL = 0;
				GCC_PREPROCESSOR_DEFINITIONS = (
					"DEBUG=1",
					"$(inherited)",
				);
				GCC_WARN_64_TO_32_BIT_CONVERSION = YES;
				GCC_WARN_ABOUT_RETURN_TYPE = YES_ERROR;
				GCC_WARN_UNDECLARED_SELECTOR = YES;
				GCC_WARN_UNINITIALIZED_AUTOS = YES_AGGRESSIVE;
				GCC_WARN_UNUSED_FUNCTION = YES;
				GCC_WARN_UNUSED_VARIABLE = YES;
				IPHONEOS_DEPLOYMENT_TARGET = 16.6;
				LOCALIZATION_PREFERS_STRING_CATALOGS = YES;
				MTL_ENABLE_DEBUG_INFO = INCLUDE_SOURCE;
				MTL_FAST_MATH = YES;
				ONLY_ACTIVE_ARCH = YES;
				SDKROOT = iphoneos;
				SWIFT_ACTIVE_COMPILATION_CONDITIONS = "DEBUG $(inherited)";
				SWIFT_OPTIMIZATION_LEVEL = "-Onone";
			};
			name = Debug;
		};
		700CA4402DBBF6AB00C8759D /* Release */ = {
			isa = XCBuildConfiguration;
			buildSettings = {
				ALWAYS_SEARCH_USER_PATHS = NO;
				ASSETCATALOG_COMPILER_GENERATE_SWIFT_ASSET_SYMBOL_EXTENSIONS = YES;
				CLANG_ANALYZER_NONNULL = YES;
				CLANG_ANALYZER_NUMBER_OBJECT_CONVERSION = YES_AGGRESSIVE;
				CLANG_CXX_LANGUAGE_STANDARD = "gnu++20";
				CLANG_ENABLE_MODULES = YES;
				CLANG_ENABLE_OBJC_ARC = YES;
				CLANG_ENABLE_OBJC_WEAK = YES;
				CLANG_WARN_BLOCK_CAPTURE_AUTORELEASING = YES;
				CLANG_WARN_BOOL_CONVERSION = YES;
				CLANG_WARN_COMMA = YES;
				CLANG_WARN_CONSTANT_CONVERSION = YES;
				CLANG_WARN_DEPRECATED_OBJC_IMPLEMENTATIONS = YES;
				CLANG_WARN_DIRECT_OBJC_ISA_USAGE = YES_ERROR;
				CLANG_WARN_DOCUMENTATION_COMMENTS = YES;
				CLANG_WARN_EMPTY_BODY = YES;
				CLANG_WARN_ENUM_CONVERSION = YES;
				CLANG_WARN_INFINITE_RECURSION = YES;
				CLANG_WARN_INT_CONVERSION = YES;
				CLANG_WARN_NON_LITERAL_NULL_CONVERSION = YES;
				CLANG_WARN_OBJC_IMPLICIT_RETAIN_SELF = YES;
				CLANG_WARN_OBJC_LITERAL_CONVERSION = YES;
				CLANG_WARN_OBJC_ROOT_CLASS = YES_ERROR;
				CLANG_WARN_QUOTED_INCLUDE_IN_FRAMEWORK_HEADER = YES;
				CLANG_WARN_RANGE_LOOP_ANALYSIS = YES;
				CLANG_WARN_STRICT_PROTOTYPES = YES;
				CLANG_WARN_SUSPICIOUS_MOVE = YES;
				CLANG_WARN_UNGUARDED_AVAILABILITY = YES_AGGRESSIVE;
				CLANG_WARN_UNREACHABLE_CODE = YES;
				CLANG_WARN__DUPLICATE_METHOD_MATCH = YES;
				COPY_PHASE_STRIP = NO;
				DEBUG_INFORMATION_FORMAT = "dwarf-with-dsym";
				ENABLE_NS_ASSERTIONS = NO;
				ENABLE_STRICT_OBJC_MSGSEND = YES;
				ENABLE_USER_SCRIPT_SANDBOXING = YES;
				GCC_C_LANGUAGE_STANDARD = gnu17;
				GCC_NO_COMMON_BLOCKS = YES;
				GCC_WARN_64_TO_32_BIT_CONVERSION = YES;
				GCC_WARN_ABOUT_RETURN_TYPE = YES_ERROR;
				GCC_WARN_UNDECLARED_SELECTOR = YES;
				GCC_WARN_UNINITIALIZED_AUTOS = YES_AGGRESSIVE;
				GCC_WARN_UNUSED_FUNCTION = YES;
				GCC_WARN_UNUSED_VARIABLE = YES;
				IPHONEOS_DEPLOYMENT_TARGET = 16.6;
				LOCALIZATION_PREFERS_STRING_CATALOGS = YES;
				MTL_ENABLE_DEBUG_INFO = NO;
				MTL_FAST_MATH = YES;
				SDKROOT = iphoneos;
				SWIFT_COMPILATION_MODE = wholemodule;
				VALIDATE_PRODUCT = YES;
			};
			name = Release;
		};
		7022EAA22DBD595E0099C8D1 /* Debug */ = {
			isa = XCBuildConfiguration;
			buildSettings = {
				BUNDLE_LOADER = "$(TEST_HOST)";
				CODE_SIGN_STYLE = Automatic;
				CURRENT_PROJECT_VERSION = 1;
				DEVELOPMENT_TEAM = 8WMXKK3LQU;
				GENERATE_INFOPLIST_FILE = YES;
				IPHONEOS_DEPLOYMENT_TARGET = 18.2;
				MARKETING_VERSION = 1.0;
				PRODUCT_BUNDLE_IDENTIFIER = com.ertan.SismikAppTests;
				PRODUCT_NAME = "$(TARGET_NAME)";
				SWIFT_EMIT_LOC_STRINGS = NO;
				SWIFT_VERSION = 5.0;
				TARGETED_DEVICE_FAMILY = "1,2";
				TEST_HOST = "$(BUILT_PRODUCTS_DIR)/SismikApp.app/$(BUNDLE_EXECUTABLE_FOLDER_PATH)/SismikApp";
			};
			name = Debug;
		};
		7022EAA32DBD595E0099C8D1 /* Release */ = {
			isa = XCBuildConfiguration;
			buildSettings = {
				BUNDLE_LOADER = "$(TEST_HOST)";
				CODE_SIGN_STYLE = Automatic;
				CURRENT_PROJECT_VERSION = 1;
				DEVELOPMENT_TEAM = 8WMXKK3LQU;
				GENERATE_INFOPLIST_FILE = YES;
				IPHONEOS_DEPLOYMENT_TARGET = 18.2;
				MARKETING_VERSION = 1.0;
				PRODUCT_BUNDLE_IDENTIFIER = com.ertan.SismikAppTests;
				PRODUCT_NAME = "$(TARGET_NAME)";
				SWIFT_EMIT_LOC_STRINGS = NO;
				SWIFT_VERSION = 5.0;
				TARGETED_DEVICE_FAMILY = "1,2";
				TEST_HOST = "$(BUILT_PRODUCTS_DIR)/SismikApp.app/$(BUNDLE_EXECUTABLE_FOLDER_PATH)/SismikApp";
			};
			name = Release;
		};
/* End XCBuildConfiguration section */

/* Begin XCConfigurationList section */
		700CA4242DBBF6AB00C8759D /* Build configuration list for PBXProject "SismikApp" */ = {
			isa = XCConfigurationList;
			buildConfigurations = (
				700CA43F2DBBF6AB00C8759D /* Debug */,
				700CA4402DBBF6AB00C8759D /* Release */,
			);
			defaultConfigurationIsVisible = 0;
			defaultConfigurationName = Release;
		};
		700CA43C2DBBF6AB00C8759D /* Build configuration list for PBXNativeTarget "SismikApp" */ = {
			isa = XCConfigurationList;
			buildConfigurations = (
				700CA43D2DBBF6AB00C8759D /* Debug */,
				700CA43E2DBBF6AB00C8759D /* Release */,
			);
			defaultConfigurationIsVisible = 0;
			defaultConfigurationName = Release;
		};
		7022EAA12DBD595E0099C8D1 /* Build configuration list for PBXNativeTarget "SismikAppTests" */ = {
			isa = XCConfigurationList;
			buildConfigurations = (
				7022EAA22DBD595E0099C8D1 /* Debug */,
				7022EAA32DBD595E0099C8D1 /* Release */,
			);
			defaultConfigurationIsVisible = 0;
			defaultConfigurationName = Release;
		};
/* End XCConfigurationList section */
	};
	rootObject = 700CA4212DBBF6AB00C8759D /* Project object */;
}
